// !$*UTF8*$!
{
	archiveVersion = 1;
	classes = {
	};
	objectVersion = 56;
	objects = {

/* Begin PBXBuildFile section */
		0BA0B77220A2F45FCBAD88C7 /* src/Driver.cpp in Sources */ = {isa = PBXBuildFile; fileRef = 8BD76D2A7E62C248C93411E2 /* src/Driver.cpp */; };
		27D7C4ACF5E517E1665F1C82 /* src/Lexer.cpp in Sources */ = {isa = PBXBuildFile; fileRef = 54FAB1EA3D92EB33AFF66425 /* src/Lexer.cpp */; };
		AA3B0E3F3E49895814B63C7D /* src/Mangle.cpp in Sources */ = {isa = PBXBuildFile; fileRef = 7C66A9E9F3E3B0F3D327AF0B /* src/Mangle.cpp */; };
		D230D13FA05E29288D1BEE55 /* src/Operator.cpp in Sources */ = {isa = PBXBuildFile; fileRef = 9AA756B61F5D57937E75555D /* src/Operator.cpp */; };
		9D4A6F213BB3BCA1C2CF3017 /* src/Preprocessor.cpp in Sources */ = {isa = PBXBuildFile; fileRef = 2A4672AABC75058816924F99 /* src/Preprocessor.cpp */; };
		A12AA90318D0F8CD94C7F28A /* src/Source.cpp in Sources */ = {isa = PBXBuildFile; fileRef = 46AAA833E022BE10EF35A38E /* src/Source.cpp */; };
		FB006F9FB532882AEAC2E675 /* src/Type.cpp in Sources */ = {isa = PBXBuildFile; fileRef = CFBE9D07BF0C88B783841493 /* src/Type.cpp */; };
		11150D50A01BEF7C09519BBB /* src/main.cpp in Sources */ = {isa = PBXBuildFile; fileRef = B3F574FAADDF3686BECCC6E1 /* src/main.cpp */; };
		D942172AED53E4A3DAC358AE /* src/parser/Parser.cpp in Sources */ = {isa = PBXBuildFile; fileRef = 062061946338E1F483552EB4 /* src/parser/Parser.cpp */; };
		22C7A223F903F98D7525DA2B /* src/parser/ParserClass.cpp in Sources */ = {isa = PBXBuildFile; fileRef = 2E59261D323AD130A2A228DF /* src/parser/ParserClass.cpp */; };
		FC75473149B6CBA65D067FE5 /* src/parser/ParserConst.cpp in Sources */ = {isa = PBXBuildFile; fileRef = F094AD1E61050379A12B2CC0 /* src/parser/ParserConst.cpp */; };
		02E2F6C11725337BD5C5CE5C /* src/parser/ParserExpr.cpp in Sources */ = {isa = PBXBuildFile; fileRef = B598F559CDAE95816EDE60B8 /* src/parser/ParserExpr.cpp */; };
		617C39876945A86FD8025E0B /* src/parser/ParserExprCall.cpp in Sources */ = {isa = PBXBuildFile; fileRef = 3B344572D83ACFAB95BF1291 /* src/parser/ParserExprCall.cpp */; };
		D49C3CF92387FABFEDD2E5FB /* src/parser/ParserExprLambda.cpp in Sources */ = {isa = PBXBuildFile; fileRef = CEBA2D974D3E0BC92A4DDA08 /* src/parser/ParserExprLambda.cpp */; };
		13FE788097018D44620F4E9D /* src/parser/ParserExprNew.cpp in Sources */ = {isa = PBXBuildFile; fileRef = 61E33A4BA1143982B249A226 /* src/parser/ParserExprNew.cpp */; };
		AA6D84F9A2D9F9E9A731BC75 /* src/parser/ParserInit.cpp in Sources */ = {isa = PBXBuildFile; fileRef = A819C992EA45854152877FA9 /* src/parser/ParserInit.cpp */; };
		37972C8B4D461078D207C607 /* src/parser/ParserOperator.cpp in Sources */ = {isa = PBXBuildFile; fileRef = D42588A60DE32F553EBF9097 /* src/parser/ParserOperator.cpp */; };
		505958450EEB5FA550694EFF /* src/parser/ParserOverload.cpp in Sources */ = {isa = PBXBuildFile; fileRef = FBE802A0895F717A8439F60B /* src/parser/ParserOverload.cpp */; };
		20606AA0620EFF47C237C57C /* src/parser/ParserStmt.cpp in Sources */ = {isa = PBXBuildFile; fileRef = D17D09AF8ED55B4CFC15F10C /* src/parser/ParserStmt.cpp */; };
		60BFAE49DC29117BA7305BD2 /* src/parser/ParserTemplate.cpp in Sources */ = {isa = PBXBuildFile; fileRef = D1DEC0197B3B590C62B3837F /* src/parser/ParserTemplate.cpp */; };
		AF4739873FBA6B5C7D59435E /* src/parser/ParserTopLevel.cpp in Sources */ = {isa = PBXBuildFile; fileRef = 3DA629FE263B95A4528A69A5 /* src/parser/ParserTopLevel.cpp */; };
		2FD7EC193D45A41E07BFFAB5 /* src/parser/ParserType.cpp in Sources */ = {isa = PBXBuildFile; fileRef = F214BC59600E2B181C2A67E3 /* src/parser/ParserType.cpp */; };
		E840F7D0A18BC54DA63C9A5E /* src/parser/ParserVtable.cpp in Sources */ = {isa = PBXBuildFile; fileRef = 8F9C2267EF53A894A731FA6C /* src/parser/ParserVtable.cpp */; };
		CA45AB42039AE470AA13D9A8 /* src/backend/Arm64Darwin.cpp in Sources */ = {isa = PBXBuildFile; fileRef = E8CB1E907CBCBCAF97840BE4 /* src/backend/Arm64Darwin.cpp */; };
		8DFC02EF8BB8BEBC3B7BB505 /* src/backend/Backend.cpp in Sources */ = {isa = PBXBuildFile; fileRef = F695A4615AEF2C7E2B592FA4 /* src/backend/Backend.cpp */; };
		418BB563D7961586E3949832 /* src/backend/Dwarf.cpp in Sources */ = {isa = PBXBuildFile; fileRef = 0088B521C8C151BC38692963 /* src/backend/Dwarf.cpp */; };
		5AA4423DC12CC570B75D795B /* src/backend/Masm.cpp in Sources */ = {isa = PBXBuildFile; fileRef = E7B28E2D075E68C673005D97 /* src/backend/Masm.cpp */; };
		CE6C18781A3E473F4904E422 /* src/backend/Optimizer.cpp in Sources */ = {isa = PBXBuildFile; fileRef = A5C3B60820008EF9930AF796 /* src/backend/Optimizer.cpp */; };
		E5EE5E47CC8D9ACFAE74FBBD /* src/backend/Spelling.cpp in Sources */ = {isa = PBXBuildFile; fileRef = F4EBC0A20AB47FE63D651818 /* src/backend/Spelling.cpp */; };
		DEF931E5D4391EBD69762626 /* src/backend/Tms6747.cpp in Sources */ = {isa = PBXBuildFile; fileRef = E54D373630375925CD93ACB4 /* src/backend/Tms6747.cpp */; };
		15C6897BD4BCDB17828DF981 /* src/backend/Walker.cpp in Sources */ = {isa = PBXBuildFile; fileRef = F2DFC622596A0E3ADC7A1BFB /* src/backend/Walker.cpp */; };
		E519D897CD81D051E018B318 /* src/backend/X86_64Linux.cpp in Sources */ = {isa = PBXBuildFile; fileRef = 4F528DC265ED62DC72B3578B /* src/backend/X86_64Linux.cpp */; };
		D0D206FF2C108ACEFE8DCCFE /* src/backend/X86_64Windows.cpp in Sources */ = {isa = PBXBuildFile; fileRef = C8DD6C155EB8F8DB7D1BEFB5 /* src/backend/X86_64Windows.cpp */; };
/* End PBXBuildFile section */

/* Begin PBXFileReference section */
		8BD76D2A7E62C248C93411E2 /* src/Driver.cpp */ = {isa = PBXFileReference; lastKnownFileType = sourcecode.cpp.cpp; path = src/Driver.cpp; sourceTree = "<group>"; };
		54FAB1EA3D92EB33AFF66425 /* src/Lexer.cpp */ = {isa = PBXFileReference; lastKnownFileType = sourcecode.cpp.cpp; path = src/Lexer.cpp; sourceTree = "<group>"; };
		7C66A9E9F3E3B0F3D327AF0B /* src/Mangle.cpp */ = {isa = PBXFileReference; lastKnownFileType = sourcecode.cpp.cpp; path = src/Mangle.cpp; sourceTree = "<group>"; };
		9AA756B61F5D57937E75555D /* src/Operator.cpp */ = {isa = PBXFileReference; lastKnownFileType = sourcecode.cpp.cpp; path = src/Operator.cpp; sourceTree = "<group>"; };
		2A4672AABC75058816924F99 /* src/Preprocessor.cpp */ = {isa = PBXFileReference; lastKnownFileType = sourcecode.cpp.cpp; path = src/Preprocessor.cpp; sourceTree = "<group>"; };
		46AAA833E022BE10EF35A38E /* src/Source.cpp */ = {isa = PBXFileReference; lastKnownFileType = sourcecode.cpp.cpp; path = src/Source.cpp; sourceTree = "<group>"; };
		CFBE9D07BF0C88B783841493 /* src/Type.cpp */ = {isa = PBXFileReference; lastKnownFileType = sourcecode.cpp.cpp; path = src/Type.cpp; sourceTree = "<group>"; };
		B3F574FAADDF3686BECCC6E1 /* src/main.cpp */ = {isa = PBXFileReference; lastKnownFileType = sourcecode.cpp.cpp; path = src/main.cpp; sourceTree = "<group>"; };
		062061946338E1F483552EB4 /* src/parser/Parser.cpp */ = {isa = PBXFileReference; lastKnownFileType = sourcecode.cpp.cpp; path = src/parser/Parser.cpp; sourceTree = "<group>"; };
		2E59261D323AD130A2A228DF /* src/parser/ParserClass.cpp */ = {isa = PBXFileReference; lastKnownFileType = sourcecode.cpp.cpp; path = src/parser/ParserClass.cpp; sourceTree = "<group>"; };
		F094AD1E61050379A12B2CC0 /* src/parser/ParserConst.cpp */ = {isa = PBXFileReference; lastKnownFileType = sourcecode.cpp.cpp; path = src/parser/ParserConst.cpp; sourceTree = "<group>"; };
		B598F559CDAE95816EDE60B8 /* src/parser/ParserExpr.cpp */ = {isa = PBXFileReference; lastKnownFileType = sourcecode.cpp.cpp; path = src/parser/ParserExpr.cpp; sourceTree = "<group>"; };
		3B344572D83ACFAB95BF1291 /* src/parser/ParserExprCall.cpp */ = {isa = PBXFileReference; lastKnownFileType = sourcecode.cpp.cpp; path = src/parser/ParserExprCall.cpp; sourceTree = "<group>"; };
		CEBA2D974D3E0BC92A4DDA08 /* src/parser/ParserExprLambda.cpp */ = {isa = PBXFileReference; lastKnownFileType = sourcecode.cpp.cpp; path = src/parser/ParserExprLambda.cpp; sourceTree = "<group>"; };
		61E33A4BA1143982B249A226 /* src/parser/ParserExprNew.cpp */ = {isa = PBXFileReference; lastKnownFileType = sourcecode.cpp.cpp; path = src/parser/ParserExprNew.cpp; sourceTree = "<group>"; };
		A819C992EA45854152877FA9 /* src/parser/ParserInit.cpp */ = {isa = PBXFileReference; lastKnownFileType = sourcecode.cpp.cpp; path = src/parser/ParserInit.cpp; sourceTree = "<group>"; };
		D42588A60DE32F553EBF9097 /* src/parser/ParserOperator.cpp */ = {isa = PBXFileReference; lastKnownFileType = sourcecode.cpp.cpp; path = src/parser/ParserOperator.cpp; sourceTree = "<group>"; };
		FBE802A0895F717A8439F60B /* src/parser/ParserOverload.cpp */ = {isa = PBXFileReference; lastKnownFileType = sourcecode.cpp.cpp; path = src/parser/ParserOverload.cpp; sourceTree = "<group>"; };
		D17D09AF8ED55B4CFC15F10C /* src/parser/ParserStmt.cpp */ = {isa = PBXFileReference; lastKnownFileType = sourcecode.cpp.cpp; path = src/parser/ParserStmt.cpp; sourceTree = "<group>"; };
		D1DEC0197B3B590C62B3837F /* src/parser/ParserTemplate.cpp */ = {isa = PBXFileReference; lastKnownFileType = sourcecode.cpp.cpp; path = src/parser/ParserTemplate.cpp; sourceTree = "<group>"; };
		3DA629FE263B95A4528A69A5 /* src/parser/ParserTopLevel.cpp */ = {isa = PBXFileReference; lastKnownFileType = sourcecode.cpp.cpp; path = src/parser/ParserTopLevel.cpp; sourceTree = "<group>"; };
		F214BC59600E2B181C2A67E3 /* src/parser/ParserType.cpp */ = {isa = PBXFileReference; lastKnownFileType = sourcecode.cpp.cpp; path = src/parser/ParserType.cpp; sourceTree = "<group>"; };
		8F9C2267EF53A894A731FA6C /* src/parser/ParserVtable.cpp */ = {isa = PBXFileReference; lastKnownFileType = sourcecode.cpp.cpp; path = src/parser/ParserVtable.cpp; sourceTree = "<group>"; };
		E8CB1E907CBCBCAF97840BE4 /* src/backend/Arm64Darwin.cpp */ = {isa = PBXFileReference; lastKnownFileType = sourcecode.cpp.cpp; path = src/backend/Arm64Darwin.cpp; sourceTree = "<group>"; };
		F695A4615AEF2C7E2B592FA4 /* src/backend/Backend.cpp */ = {isa = PBXFileReference; lastKnownFileType = sourcecode.cpp.cpp; path = src/backend/Backend.cpp; sourceTree = "<group>"; };
		0088B521C8C151BC38692963 /* src/backend/Dwarf.cpp */ = {isa = PBXFileReference; lastKnownFileType = sourcecode.cpp.cpp; path = src/backend/Dwarf.cpp; sourceTree = "<group>"; };
		E7B28E2D075E68C673005D97 /* src/backend/Masm.cpp */ = {isa = PBXFileReference; lastKnownFileType = sourcecode.cpp.cpp; path = src/backend/Masm.cpp; sourceTree = "<group>"; };
		A5C3B60820008EF9930AF796 /* src/backend/Optimizer.cpp */ = {isa = PBXFileReference; lastKnownFileType = sourcecode.cpp.cpp; path = src/backend/Optimizer.cpp; sourceTree = "<group>"; };
		F4EBC0A20AB47FE63D651818 /* src/backend/Spelling.cpp */ = {isa = PBXFileReference; lastKnownFileType = sourcecode.cpp.cpp; path = src/backend/Spelling.cpp; sourceTree = "<group>"; };
		E54D373630375925CD93ACB4 /* src/backend/Tms6747.cpp */ = {isa = PBXFileReference; lastKnownFileType = sourcecode.cpp.cpp; path = src/backend/Tms6747.cpp; sourceTree = "<group>"; };
		F2DFC622596A0E3ADC7A1BFB /* src/backend/Walker.cpp */ = {isa = PBXFileReference; lastKnownFileType = sourcecode.cpp.cpp; path = src/backend/Walker.cpp; sourceTree = "<group>"; };
		4F528DC265ED62DC72B3578B /* src/backend/X86_64Linux.cpp */ = {isa = PBXFileReference; lastKnownFileType = sourcecode.cpp.cpp; path = src/backend/X86_64Linux.cpp; sourceTree = "<group>"; };
		C8DD6C155EB8F8DB7D1BEFB5 /* src/backend/X86_64Windows.cpp */ = {isa = PBXFileReference; lastKnownFileType = sourcecode.cpp.cpp; path = src/backend/X86_64Windows.cpp; sourceTree = "<group>"; };
		4490A1CF52BE5CF1189EE4F8 /* src/Abi.h */ = {isa = PBXFileReference; lastKnownFileType = sourcecode.c.h; path = src/Abi.h; sourceTree = "<group>"; };
		134B9989DA5CE51BA609710D /* src/Ast.h */ = {isa = PBXFileReference; lastKnownFileType = sourcecode.c.h; path = src/Ast.h; sourceTree = "<group>"; };
		3C27ABC9E70B3F56826CDE91 /* src/Driver.h */ = {isa = PBXFileReference; lastKnownFileType = sourcecode.c.h; path = src/Driver.h; sourceTree = "<group>"; };
		F87790F5E0C796C7913ED85B /* src/Lexer.h */ = {isa = PBXFileReference; lastKnownFileType = sourcecode.c.h; path = src/Lexer.h; sourceTree = "<group>"; };
		EB49EC02939E5722368B0654 /* src/Mangle.h */ = {isa = PBXFileReference; lastKnownFileType = sourcecode.c.h; path = src/Mangle.h; sourceTree = "<group>"; };
		9F90EA29B7A5D09FFE8EF5DB /* src/Operator.h */ = {isa = PBXFileReference; lastKnownFileType = sourcecode.c.h; path = src/Operator.h; sourceTree = "<group>"; };
		48EBE93A6619E3FB727B7F0F /* src/Preprocessor.h */ = {isa = PBXFileReference; lastKnownFileType = sourcecode.c.h; path = src/Preprocessor.h; sourceTree = "<group>"; };
		C1132AD9742F2A2C2B9C16E9 /* src/Source.h */ = {isa = PBXFileReference; lastKnownFileType = sourcecode.c.h; path = src/Source.h; sourceTree = "<group>"; };
		7F4BD894BD13AE61D651947E /* src/Type.h */ = {isa = PBXFileReference; lastKnownFileType = sourcecode.c.h; path = src/Type.h; sourceTree = "<group>"; };
		3A6AAFD299CBE27776BEDE79 /* src/Version.h */ = {isa = PBXFileReference; lastKnownFileType = sourcecode.c.h; path = src/Version.h; sourceTree = "<group>"; };
		2C7C6AA143F76A379E293C64 /* src/backend/Arm64Darwin.h */ = {isa = PBXFileReference; lastKnownFileType = sourcecode.c.h; path = src/backend/Arm64Darwin.h; sourceTree = "<group>"; };
		416156CFEC60731CF9F7D8B9 /* src/backend/Backend.h */ = {isa = PBXFileReference; lastKnownFileType = sourcecode.c.h; path = src/backend/Backend.h; sourceTree = "<group>"; };
		76591D77735C36799666E7B7 /* src/backend/Dwarf.h */ = {isa = PBXFileReference; lastKnownFileType = sourcecode.c.h; path = src/backend/Dwarf.h; sourceTree = "<group>"; };
		DD7C169D29C6535AE40E193B /* src/backend/Masm.h */ = {isa = PBXFileReference; lastKnownFileType = sourcecode.c.h; path = src/backend/Masm.h; sourceTree = "<group>"; };
		F5ABF5034B206CAABCD35015 /* src/backend/Optimizer.h */ = {isa = PBXFileReference; lastKnownFileType = sourcecode.c.h; path = src/backend/Optimizer.h; sourceTree = "<group>"; };
		F39A3702AFD89AF2955CAA08 /* src/backend/Spelling.h */ = {isa = PBXFileReference; lastKnownFileType = sourcecode.c.h; path = src/backend/Spelling.h; sourceTree = "<group>"; };
		6B679C7221BF4411A059BA60 /* src/backend/Tms6747.h */ = {isa = PBXFileReference; lastKnownFileType = sourcecode.c.h; path = src/backend/Tms6747.h; sourceTree = "<group>"; };
		8A706A0E0F8B1077FED8B280 /* src/backend/Walker.h */ = {isa = PBXFileReference; lastKnownFileType = sourcecode.c.h; path = src/backend/Walker.h; sourceTree = "<group>"; };
		4D86973255DD9F60C02200A9 /* src/backend/X86_64Linux.h */ = {isa = PBXFileReference; lastKnownFileType = sourcecode.c.h; path = src/backend/X86_64Linux.h; sourceTree = "<group>"; };
		1F6ED2967CCBA2C526B447EA /* src/backend/X86_64Windows.h */ = {isa = PBXFileReference; lastKnownFileType = sourcecode.c.h; path = src/backend/X86_64Windows.h; sourceTree = "<group>"; };
		504344FF825EB0AF5B1B95AE /* src/parser/Parser.h */ = {isa = PBXFileReference; lastKnownFileType = sourcecode.c.h; path = src/parser/Parser.h; sourceTree = "<group>"; };
		044F18E54817076BBA3DDEC9 /* src/parser/ParserInternal.h */ = {isa = PBXFileReference; lastKnownFileType = sourcecode.c.h; path = src/parser/ParserInternal.h; sourceTree = "<group>"; };
		B0DEE53FB510C2BF164ECD03 /* cxx1i.exe */ = {isa = PBXFileReference; explicitFileType = "compiled.mach-o.executable"; includeInIndex = 0; path = cxx1i.exe; sourceTree = BUILT_PRODUCTS_DIR; };
/* End PBXFileReference section */

/* Begin PBXFrameworksBuildPhase section */
		88913DB4BE431CFDF6D281EA /* Frameworks */ = {
			isa = PBXFrameworksBuildPhase;
			buildActionMask = 2147483647;
			files = (
			);
			runOnlyForDeploymentPostprocessing = 0;
		};
/* End PBXFrameworksBuildPhase section */

/* Begin PBXGroup section */
		B0AC051C1E8346B1D1F19D2E = {
			isa = PBXGroup;
			children = (
				21C03454784EF7FED0B0F2F4 /* Sources */,
				5E8F4B7339C1BA2615827347 /* Products */,
			);
			sourceTree = "<group>";
		};
		21C03454784EF7FED0B0F2F4 /* Sources */ = {
			isa = PBXGroup;
			children = (
				8BD76D2A7E62C248C93411E2 /* src/Driver.cpp */,
				54FAB1EA3D92EB33AFF66425 /* src/Lexer.cpp */,
				7C66A9E9F3E3B0F3D327AF0B /* src/Mangle.cpp */,
				9AA756B61F5D57937E75555D /* src/Operator.cpp */,
				2A4672AABC75058816924F99 /* src/Preprocessor.cpp */,
				46AAA833E022BE10EF35A38E /* src/Source.cpp */,
				CFBE9D07BF0C88B783841493 /* src/Type.cpp */,
				B3F574FAADDF3686BECCC6E1 /* src/main.cpp */,
				062061946338E1F483552EB4 /* src/parser/Parser.cpp */,
				2E59261D323AD130A2A228DF /* src/parser/ParserClass.cpp */,
				F094AD1E61050379A12B2CC0 /* src/parser/ParserConst.cpp */,
				B598F559CDAE95816EDE60B8 /* src/parser/ParserExpr.cpp */,
				3B344572D83ACFAB95BF1291 /* src/parser/ParserExprCall.cpp */,
				CEBA2D974D3E0BC92A4DDA08 /* src/parser/ParserExprLambda.cpp */,
				61E33A4BA1143982B249A226 /* src/parser/ParserExprNew.cpp */,
				A819C992EA45854152877FA9 /* src/parser/ParserInit.cpp */,
				D42588A60DE32F553EBF9097 /* src/parser/ParserOperator.cpp */,
				FBE802A0895F717A8439F60B /* src/parser/ParserOverload.cpp */,
				D17D09AF8ED55B4CFC15F10C /* src/parser/ParserStmt.cpp */,
				D1DEC0197B3B590C62B3837F /* src/parser/ParserTemplate.cpp */,
				3DA629FE263B95A4528A69A5 /* src/parser/ParserTopLevel.cpp */,
				F214BC59600E2B181C2A67E3 /* src/parser/ParserType.cpp */,
				8F9C2267EF53A894A731FA6C /* src/parser/ParserVtable.cpp */,
				E8CB1E907CBCBCAF97840BE4 /* src/backend/Arm64Darwin.cpp */,
				F695A4615AEF2C7E2B592FA4 /* src/backend/Backend.cpp */,
				0088B521C8C151BC38692963 /* src/backend/Dwarf.cpp */,
				E7B28E2D075E68C673005D97 /* src/backend/Masm.cpp */,
				A5C3B60820008EF9930AF796 /* src/backend/Optimizer.cpp */,
				F4EBC0A20AB47FE63D651818 /* src/backend/Spelling.cpp */,
				E54D373630375925CD93ACB4 /* src/backend/Tms6747.cpp */,
				F2DFC622596A0E3ADC7A1BFB /* src/backend/Walker.cpp */,
				4F528DC265ED62DC72B3578B /* src/backend/X86_64Linux.cpp */,
				C8DD6C155EB8F8DB7D1BEFB5 /* src/backend/X86_64Windows.cpp */,
				4490A1CF52BE5CF1189EE4F8 /* src/Abi.h */,
				134B9989DA5CE51BA609710D /* src/Ast.h */,
				3C27ABC9E70B3F56826CDE91 /* src/Driver.h */,
				F87790F5E0C796C7913ED85B /* src/Lexer.h */,
				EB49EC02939E5722368B0654 /* src/Mangle.h */,
				9F90EA29B7A5D09FFE8EF5DB /* src/Operator.h */,
				48EBE93A6619E3FB727B7F0F /* src/Preprocessor.h */,
				C1132AD9742F2A2C2B9C16E9 /* src/Source.h */,
				7F4BD894BD13AE61D651947E /* src/Type.h */,
				3A6AAFD299CBE27776BEDE79 /* src/Version.h */,
				2C7C6AA143F76A379E293C64 /* src/backend/Arm64Darwin.h */,
				416156CFEC60731CF9F7D8B9 /* src/backend/Backend.h */,
				76591D77735C36799666E7B7 /* src/backend/Dwarf.h */,
				DD7C169D29C6535AE40E193B /* src/backend/Masm.h */,
				F5ABF5034B206CAABCD35015 /* src/backend/Optimizer.h */,
				F39A3702AFD89AF2955CAA08 /* src/backend/Spelling.h */,
				6B679C7221BF4411A059BA60 /* src/backend/Tms6747.h */,
				8A706A0E0F8B1077FED8B280 /* src/backend/Walker.h */,
				4D86973255DD9F60C02200A9 /* src/backend/X86_64Linux.h */,
				1F6ED2967CCBA2C526B447EA /* src/backend/X86_64Windows.h */,
				504344FF825EB0AF5B1B95AE /* src/parser/Parser.h */,
				044F18E54817076BBA3DDEC9 /* src/parser/ParserInternal.h */,
			);
			name = Sources;
			sourceTree = "<group>";
		};
		5E8F4B7339C1BA2615827347 /* Products */ = {
			isa = PBXGroup;
			children = (
				B0DEE53FB510C2BF164ECD03 /* cxx1i.exe */,
			);
			name = Products;
			sourceTree = "<group>";
		};
/* End PBXGroup section */

/* Begin PBXNativeTarget section */
		9BDE0D6970DFE91E74C9FC29 /* cxx1i.exe */ = {
			isa = PBXNativeTarget;
			buildConfigurationList = 6DEAB02C1382BAF3E8585A8E;
			buildPhases = (
				9EA4E2D1AAB9DE5CE438AE52 /* Sources */,
				88913DB4BE431CFDF6D281EA /* Frameworks */,
				88832AA06EAF0D5F7D705E11 /* put the finished program in RIDE's directory */,
			);
			buildRules = (
			);
			dependencies = (
			);
			name = cxx1i.exe;
			productName = cxx1i.exe;
			productReference = B0DEE53FB510C2BF164ECD03 /* cxx1i.exe */;
			productType = "com.apple.product-type.tool";
		};
/* End PBXNativeTarget section */

/* Begin PBXProject section */
		37A2C678729C46C107F3A925 /* Project object */ = {
			isa = PBXProject;
			attributes = {
				BuildIndependentTargetsInParallel = 1;
				LastUpgradeCheck = 1600;
			};
			buildConfigurationList = DF6C1BF77632D93D07CC4295;
			developmentRegion = en;
			hasScannedForEncodings = 0;
			knownRegions = (
				en,
				Base,
			);
			mainGroup = B0AC051C1E8346B1D1F19D2E;
			productRefGroup = 5E8F4B7339C1BA2615827347 /* Products */;
			projectDirPath = "";
			projectRoot = "";
			targets = (
				9BDE0D6970DFE91E74C9FC29 /* cxx1i.exe */,
			);
		};
/* End PBXProject section */

/* Begin PBXShellScriptBuildPhase section */
		88832AA06EAF0D5F7D705E11 /* put the finished program in RIDE's directory */ = {
			isa = PBXShellScriptBuildPhase;
			alwaysOutOfDate = 1;
			buildActionMask = 2147483647;
			files = (
			);
			inputPaths = (
			);
			name = "put the finished program in RIDE's directory";
			outputPaths = (
			);
			runOnlyForDeploymentPostprocessing = 0;
			shellPath = /bin/sh;
			shellScript = "set -e\ndest=\"$SRCROOT/../../RIDE\"\nmkdir -p \"$dest\"\ncp -f \"$BUILT_PRODUCTS_DIR/$PRODUCT_NAME\" \"$dest/.$PRODUCT_NAME.new\"\nmv -f \"$dest/.$PRODUCT_NAME.new\" \"$dest/$PRODUCT_NAME\"\ncodesign --force --sign - \"$dest/$PRODUCT_NAME\"\n";
		};
/* End PBXShellScriptBuildPhase section */

/* Begin PBXSourcesBuildPhase section */
		9EA4E2D1AAB9DE5CE438AE52 /* Sources */ = {
			isa = PBXSourcesBuildPhase;
			buildActionMask = 2147483647;
			files = (
				0BA0B77220A2F45FCBAD88C7 /* src/Driver.cpp in Sources */,
				27D7C4ACF5E517E1665F1C82 /* src/Lexer.cpp in Sources */,
				AA3B0E3F3E49895814B63C7D /* src/Mangle.cpp in Sources */,
				D230D13FA05E29288D1BEE55 /* src/Operator.cpp in Sources */,
				9D4A6F213BB3BCA1C2CF3017 /* src/Preprocessor.cpp in Sources */,
				A12AA90318D0F8CD94C7F28A /* src/Source.cpp in Sources */,
				FB006F9FB532882AEAC2E675 /* src/Type.cpp in Sources */,
				11150D50A01BEF7C09519BBB /* src/main.cpp in Sources */,
				D942172AED53E4A3DAC358AE /* src/parser/Parser.cpp in Sources */,
				22C7A223F903F98D7525DA2B /* src/parser/ParserClass.cpp in Sources */,
				FC75473149B6CBA65D067FE5 /* src/parser/ParserConst.cpp in Sources */,
				02E2F6C11725337BD5C5CE5C /* src/parser/ParserExpr.cpp in Sources */,
				617C39876945A86FD8025E0B /* src/parser/ParserExprCall.cpp in Sources */,
				D49C3CF92387FABFEDD2E5FB /* src/parser/ParserExprLambda.cpp in Sources */,
				13FE788097018D44620F4E9D /* src/parser/ParserExprNew.cpp in Sources */,
				AA6D84F9A2D9F9E9A731BC75 /* src/parser/ParserInit.cpp in Sources */,
				37972C8B4D461078D207C607 /* src/parser/ParserOperator.cpp in Sources */,
				505958450EEB5FA550694EFF /* src/parser/ParserOverload.cpp in Sources */,
				20606AA0620EFF47C237C57C /* src/parser/ParserStmt.cpp in Sources */,
				60BFAE49DC29117BA7305BD2 /* src/parser/ParserTemplate.cpp in Sources */,
				AF4739873FBA6B5C7D59435E /* src/parser/ParserTopLevel.cpp in Sources */,
				2FD7EC193D45A41E07BFFAB5 /* src/parser/ParserType.cpp in Sources */,
				E840F7D0A18BC54DA63C9A5E /* src/parser/ParserVtable.cpp in Sources */,
				CA45AB42039AE470AA13D9A8 /* src/backend/Arm64Darwin.cpp in Sources */,
				8DFC02EF8BB8BEBC3B7BB505 /* src/backend/Backend.cpp in Sources */,
				418BB563D7961586E3949832 /* src/backend/Dwarf.cpp in Sources */,
				5AA4423DC12CC570B75D795B /* src/backend/Masm.cpp in Sources */,
				CE6C18781A3E473F4904E422 /* src/backend/Optimizer.cpp in Sources */,
				E5EE5E47CC8D9ACFAE74FBBD /* src/backend/Spelling.cpp in Sources */,
				DEF931E5D4391EBD69762626 /* src/backend/Tms6747.cpp in Sources */,
				15C6897BD4BCDB17828DF981 /* src/backend/Walker.cpp in Sources */,
				E519D897CD81D051E018B318 /* src/backend/X86_64Linux.cpp in Sources */,
				D0D206FF2C108ACEFE8DCCFE /* src/backend/X86_64Windows.cpp in Sources */,
			);
			runOnlyForDeploymentPostprocessing = 0;
		};
/* End PBXSourcesBuildPhase section */

/* Begin XCBuildConfiguration section */
		FBFD080BB9E64077347B620E /* Debug */ = {
			isa = XCBuildConfiguration;
			buildSettings = {
				ALWAYS_SEARCH_USER_PATHS = NO;
				OBJROOT = "$(TMPDIR)/ride-xcode";
				SYMROOT = "$(TMPDIR)/ride-xcode";
				CLANG_CXX_LANGUAGE_STANDARD = "c++14";
				CLANG_ENABLE_OBJC_ARC = YES;
				CLANG_WARN_IMPLICIT_SIGN_CONVERSION = NO;
				CODE_SIGN_STYLE = Automatic;
				GCC_TREAT_WARNINGS_AS_ERRORS = YES;
				GCC_WARN_64_TO_32_BIT_CONVERSION = NO;
				MACOSX_DEPLOYMENT_TARGET = 12.0;
				PRODUCT_NAME = cxx1i.exe;
				SDKROOT = macosx;
				USER_HEADER_SEARCH_PATHS = "$(SRCROOT)/src";
				WARNING_CFLAGS = (
					"-Wall",
					"-Wextra",
					"-pedantic",
				);
				GCC_PREPROCESSOR_DEFINITIONS = "CXX1_INCLUDE_DIR=\\\"$(SRCROOT)/lib\\\" CXX1_CXX_INCLUDE_DIR=\\\"$(SRCROOT)/include\\\"";
				DEBUG_INFORMATION_FORMAT = dwarf;
				GCC_OPTIMIZATION_LEVEL = 0;
			};
			name = Debug;
		};
		01D3836DA156713854E23B7D /* Release */ = {
			isa = XCBuildConfiguration;
			buildSettings = {
				ALWAYS_SEARCH_USER_PATHS = NO;
				OBJROOT = "$(TMPDIR)/ride-xcode";
				SYMROOT = "$(TMPDIR)/ride-xcode";
				CLANG_CXX_LANGUAGE_STANDARD = "c++14";
				CLANG_ENABLE_OBJC_ARC = YES;
				CLANG_WARN_IMPLICIT_SIGN_CONVERSION = NO;
				CODE_SIGN_STYLE = Automatic;
				GCC_TREAT_WARNINGS_AS_ERRORS = YES;
				GCC_WARN_64_TO_32_BIT_CONVERSION = NO;
				MACOSX_DEPLOYMENT_TARGET = 12.0;
				PRODUCT_NAME = cxx1i.exe;
				SDKROOT = macosx;
				USER_HEADER_SEARCH_PATHS = "$(SRCROOT)/src";
				WARNING_CFLAGS = (
					"-Wall",
					"-Wextra",
					"-pedantic",
				);
				GCC_PREPROCESSOR_DEFINITIONS = "CXX1_INCLUDE_DIR=\\\"$(SRCROOT)/lib\\\" CXX1_CXX_INCLUDE_DIR=\\\"$(SRCROOT)/include\\\"";
				DEBUG_INFORMATION_FORMAT = "dwarf-with-dsym";
				GCC_OPTIMIZATION_LEVEL = 2;
			};
			name = Release;
		};
		E18D4BAEE374AE285B639721 /* Debug */ = {
			isa = XCBuildConfiguration;
			buildSettings = {
				ALWAYS_SEARCH_USER_PATHS = NO;
				OBJROOT = "$(TMPDIR)/ride-xcode";
				SYMROOT = "$(TMPDIR)/ride-xcode";
				CLANG_CXX_LANGUAGE_STANDARD = "c++14";
				CLANG_ENABLE_OBJC_ARC = YES;
				CLANG_WARN_IMPLICIT_SIGN_CONVERSION = NO;
				CODE_SIGN_STYLE = Automatic;
				GCC_TREAT_WARNINGS_AS_ERRORS = YES;
				GCC_WARN_64_TO_32_BIT_CONVERSION = NO;
				MACOSX_DEPLOYMENT_TARGET = 12.0;
				PRODUCT_NAME = cxx1i.exe;
				SDKROOT = macosx;
				USER_HEADER_SEARCH_PATHS = "$(SRCROOT)/src";
				WARNING_CFLAGS = (
					"-Wall",
					"-Wextra",
					"-pedantic",
				);
				GCC_PREPROCESSOR_DEFINITIONS = "CXX1_INCLUDE_DIR=\\\"$(SRCROOT)/lib\\\" CXX1_CXX_INCLUDE_DIR=\\\"$(SRCROOT)/include\\\"";
				DEBUG_INFORMATION_FORMAT = dwarf;
				GCC_OPTIMIZATION_LEVEL = 0;
			};
			name = Debug;
		};
		358601BABA3090D29BDE1B7E /* Release */ = {
			isa = XCBuildConfiguration;
			buildSettings = {
				ALWAYS_SEARCH_USER_PATHS = NO;
				OBJROOT = "$(TMPDIR)/ride-xcode";
				SYMROOT = "$(TMPDIR)/ride-xcode";
				CLANG_CXX_LANGUAGE_STANDARD = "c++14";
				CLANG_ENABLE_OBJC_ARC = YES;
				CLANG_WARN_IMPLICIT_SIGN_CONVERSION = NO;
				CODE_SIGN_STYLE = Automatic;
				GCC_TREAT_WARNINGS_AS_ERRORS = YES;
				GCC_WARN_64_TO_32_BIT_CONVERSION = NO;
				MACOSX_DEPLOYMENT_TARGET = 12.0;
				PRODUCT_NAME = cxx1i.exe;
				SDKROOT = macosx;
				USER_HEADER_SEARCH_PATHS = "$(SRCROOT)/src";
				WARNING_CFLAGS = (
					"-Wall",
					"-Wextra",
					"-pedantic",
				);
				GCC_PREPROCESSOR_DEFINITIONS = "CXX1_INCLUDE_DIR=\\\"$(SRCROOT)/lib\\\" CXX1_CXX_INCLUDE_DIR=\\\"$(SRCROOT)/include\\\"";
				DEBUG_INFORMATION_FORMAT = "dwarf-with-dsym";
				GCC_OPTIMIZATION_LEVEL = 2;
			};
			name = Release;
		};
/* End XCBuildConfiguration section */

/* Begin XCConfigurationList section */
		DF6C1BF77632D93D07CC4295 /* project */ = {
			isa = XCConfigurationList;
			buildConfigurations = (
				FBFD080BB9E64077347B620E /* Debug */,
				01D3836DA156713854E23B7D /* Release */,
			);
			defaultConfigurationIsVisible = 0;
			defaultConfigurationName = Debug;
		};
		6DEAB02C1382BAF3E8585A8E /* target */ = {
			isa = XCConfigurationList;
			buildConfigurations = (
				E18D4BAEE374AE285B639721 /* Debug */,
				358601BABA3090D29BDE1B7E /* Release */,
			);
			defaultConfigurationIsVisible = 0;
			defaultConfigurationName = Debug;
		};
/* End XCConfigurationList section */
	};
	rootObject = 37A2C678729C46C107F3A925 /* Project object */;
}
