// !$*UTF8*$!
{
	archiveVersion = 1;
	classes = {
	};
	objectVersion = 56;
	objects = {

/* Begin PBXBuildFile section */
		6C74E8CA3E43C66517749C6D /* src/Driver.cpp in Sources */ = {isa = PBXBuildFile; fileRef = 41460D3079A3B0F8ED4379C7 /* src/Driver.cpp */; };
		CA68FBDD49761F244BE47513 /* src/Lexer.cpp in Sources */ = {isa = PBXBuildFile; fileRef = EA13C088159A139927953513 /* src/Lexer.cpp */; };
		469877D4AD00A2B59A24801B /* src/Mangle.cpp in Sources */ = {isa = PBXBuildFile; fileRef = B852914990AD02030997E138 /* src/Mangle.cpp */; };
		3A31F9C52F7053A219B94DE6 /* src/Operator.cpp in Sources */ = {isa = PBXBuildFile; fileRef = A017412FAA33C2F220D90F9D /* src/Operator.cpp */; };
		35F2D70EAA7846D7A80A0840 /* src/Preprocessor.cpp in Sources */ = {isa = PBXBuildFile; fileRef = 058A4B6FCBDEF169E7E02D5C /* src/Preprocessor.cpp */; };
		4FBFBDF7156FF48F48839126 /* src/Source.cpp in Sources */ = {isa = PBXBuildFile; fileRef = 9BE25388C3D8B606E90C62C3 /* src/Source.cpp */; };
		0C32407FE4A413CC124CC7DD /* src/Type.cpp in Sources */ = {isa = PBXBuildFile; fileRef = EDAB6F7F3DE8530A7590EE92 /* src/Type.cpp */; };
		55E35423139734B08E8B6321 /* src/main.cpp in Sources */ = {isa = PBXBuildFile; fileRef = BFB95FAE69A651FE7D8E57E2 /* src/main.cpp */; };
		9C2F0F67A25E5EA0BC8DEF62 /* src/parser/Parser.cpp in Sources */ = {isa = PBXBuildFile; fileRef = 199EE5B76220986B717172FC /* src/parser/Parser.cpp */; };
		56F7BDF8811B84A3D1706AC2 /* src/parser/ParserClass.cpp in Sources */ = {isa = PBXBuildFile; fileRef = 5AC74EF9674732D3B62EBBF3 /* src/parser/ParserClass.cpp */; };
		FB8089B34DB9FA22254E3AFD /* src/parser/ParserConst.cpp in Sources */ = {isa = PBXBuildFile; fileRef = 08AC52830AC190E1DFCC52F5 /* src/parser/ParserConst.cpp */; };
		4DC1E2B18CACE819177C71EC /* src/parser/ParserExpr.cpp in Sources */ = {isa = PBXBuildFile; fileRef = 35747B824017130E47A1D342 /* src/parser/ParserExpr.cpp */; };
		2B1BB176E0A841C8AB3B0775 /* src/parser/ParserExprCall.cpp in Sources */ = {isa = PBXBuildFile; fileRef = F4A7424F980BBF023B7AE47F /* src/parser/ParserExprCall.cpp */; };
		F192661368B7C77A055F0911 /* src/parser/ParserExprLambda.cpp in Sources */ = {isa = PBXBuildFile; fileRef = A7CBEABA364E5161CA453617 /* src/parser/ParserExprLambda.cpp */; };
		327B357B72926F4C2D996B58 /* src/parser/ParserExprNew.cpp in Sources */ = {isa = PBXBuildFile; fileRef = 5B6DB0F46A80257E63537EDF /* src/parser/ParserExprNew.cpp */; };
		026761C703A10839E8F9BDAA /* src/parser/ParserInit.cpp in Sources */ = {isa = PBXBuildFile; fileRef = AED65BB7F60C7B40209E324B /* src/parser/ParserInit.cpp */; };
		911EFBA53D1C69B0EAAE2BFA /* src/parser/ParserOperator.cpp in Sources */ = {isa = PBXBuildFile; fileRef = 05254E14EA27FE1502464800 /* src/parser/ParserOperator.cpp */; };
		C34338385C900ACBFB4AEDE0 /* src/parser/ParserOverload.cpp in Sources */ = {isa = PBXBuildFile; fileRef = BF75EA29C369EA84A5972843 /* src/parser/ParserOverload.cpp */; };
		71B607B6D03C24A863BFCC33 /* src/parser/ParserStmt.cpp in Sources */ = {isa = PBXBuildFile; fileRef = 5A438BD661FBAF948D1D19B0 /* src/parser/ParserStmt.cpp */; };
		9D9C97E0409747CC7369E517 /* src/parser/ParserTemplate.cpp in Sources */ = {isa = PBXBuildFile; fileRef = A577D72EE482EE951B4F2E0F /* src/parser/ParserTemplate.cpp */; };
		A3CAFCA7446946089388E273 /* src/parser/ParserTopLevel.cpp in Sources */ = {isa = PBXBuildFile; fileRef = 646458922D1D37CF431B0E30 /* src/parser/ParserTopLevel.cpp */; };
		17F58A506A715D1E6D61B9BB /* src/parser/ParserType.cpp in Sources */ = {isa = PBXBuildFile; fileRef = 632EC35A86600F1CA6B9E6CB /* src/parser/ParserType.cpp */; };
		B1E2BA743D728FB44632C5BF /* src/backend/Arm64Darwin.cpp in Sources */ = {isa = PBXBuildFile; fileRef = 7BD3A22A08FE415F41E24BB8 /* src/backend/Arm64Darwin.cpp */; };
		7C13BA124E565DA75F1B2316 /* src/backend/Backend.cpp in Sources */ = {isa = PBXBuildFile; fileRef = C7BABAD5FA765DC53C27E8E4 /* src/backend/Backend.cpp */; };
		06F46223FF0C1F9F5222A705 /* src/backend/Dwarf.cpp in Sources */ = {isa = PBXBuildFile; fileRef = CCB488BC0AC94E9AACB6CF80 /* src/backend/Dwarf.cpp */; };
		10CD5A1900C0B85B2D7B204F /* src/backend/Masm.cpp in Sources */ = {isa = PBXBuildFile; fileRef = 981467474993FB1F17151E7A /* src/backend/Masm.cpp */; };
		33D38228C68DDEC56088DDBC /* src/backend/Spelling.cpp in Sources */ = {isa = PBXBuildFile; fileRef = FBC60A73CAD35F6AD5B48350 /* src/backend/Spelling.cpp */; };
		CA4E29284CBA5FB78BE9E65A /* src/backend/Walker.cpp in Sources */ = {isa = PBXBuildFile; fileRef = 0194126D969DE0C760BE82D9 /* src/backend/Walker.cpp */; };
		490658E5C20D751B3332F2E7 /* src/backend/X86_64Linux.cpp in Sources */ = {isa = PBXBuildFile; fileRef = 3618B71FF04756C303B6826C /* src/backend/X86_64Linux.cpp */; };
		73D2B5DB98CBF57FDA90B57B /* src/backend/X86_64Windows.cpp in Sources */ = {isa = PBXBuildFile; fileRef = 08C7AC0F6C6FF484F060A813 /* src/backend/X86_64Windows.cpp */; };
/* End PBXBuildFile section */

/* Begin PBXFileReference section */
		41460D3079A3B0F8ED4379C7 /* src/Driver.cpp */ = {isa = PBXFileReference; lastKnownFileType = sourcecode.cpp.cpp; path = src/Driver.cpp; sourceTree = "<group>"; };
		EA13C088159A139927953513 /* src/Lexer.cpp */ = {isa = PBXFileReference; lastKnownFileType = sourcecode.cpp.cpp; path = src/Lexer.cpp; sourceTree = "<group>"; };
		B852914990AD02030997E138 /* src/Mangle.cpp */ = {isa = PBXFileReference; lastKnownFileType = sourcecode.cpp.cpp; path = src/Mangle.cpp; sourceTree = "<group>"; };
		A017412FAA33C2F220D90F9D /* src/Operator.cpp */ = {isa = PBXFileReference; lastKnownFileType = sourcecode.cpp.cpp; path = src/Operator.cpp; sourceTree = "<group>"; };
		058A4B6FCBDEF169E7E02D5C /* src/Preprocessor.cpp */ = {isa = PBXFileReference; lastKnownFileType = sourcecode.cpp.cpp; path = src/Preprocessor.cpp; sourceTree = "<group>"; };
		9BE25388C3D8B606E90C62C3 /* src/Source.cpp */ = {isa = PBXFileReference; lastKnownFileType = sourcecode.cpp.cpp; path = src/Source.cpp; sourceTree = "<group>"; };
		EDAB6F7F3DE8530A7590EE92 /* src/Type.cpp */ = {isa = PBXFileReference; lastKnownFileType = sourcecode.cpp.cpp; path = src/Type.cpp; sourceTree = "<group>"; };
		BFB95FAE69A651FE7D8E57E2 /* src/main.cpp */ = {isa = PBXFileReference; lastKnownFileType = sourcecode.cpp.cpp; path = src/main.cpp; sourceTree = "<group>"; };
		199EE5B76220986B717172FC /* src/parser/Parser.cpp */ = {isa = PBXFileReference; lastKnownFileType = sourcecode.cpp.cpp; path = src/parser/Parser.cpp; sourceTree = "<group>"; };
		5AC74EF9674732D3B62EBBF3 /* src/parser/ParserClass.cpp */ = {isa = PBXFileReference; lastKnownFileType = sourcecode.cpp.cpp; path = src/parser/ParserClass.cpp; sourceTree = "<group>"; };
		08AC52830AC190E1DFCC52F5 /* src/parser/ParserConst.cpp */ = {isa = PBXFileReference; lastKnownFileType = sourcecode.cpp.cpp; path = src/parser/ParserConst.cpp; sourceTree = "<group>"; };
		35747B824017130E47A1D342 /* src/parser/ParserExpr.cpp */ = {isa = PBXFileReference; lastKnownFileType = sourcecode.cpp.cpp; path = src/parser/ParserExpr.cpp; sourceTree = "<group>"; };
		F4A7424F980BBF023B7AE47F /* src/parser/ParserExprCall.cpp */ = {isa = PBXFileReference; lastKnownFileType = sourcecode.cpp.cpp; path = src/parser/ParserExprCall.cpp; sourceTree = "<group>"; };
		A7CBEABA364E5161CA453617 /* src/parser/ParserExprLambda.cpp */ = {isa = PBXFileReference; lastKnownFileType = sourcecode.cpp.cpp; path = src/parser/ParserExprLambda.cpp; sourceTree = "<group>"; };
		5B6DB0F46A80257E63537EDF /* src/parser/ParserExprNew.cpp */ = {isa = PBXFileReference; lastKnownFileType = sourcecode.cpp.cpp; path = src/parser/ParserExprNew.cpp; sourceTree = "<group>"; };
		AED65BB7F60C7B40209E324B /* src/parser/ParserInit.cpp */ = {isa = PBXFileReference; lastKnownFileType = sourcecode.cpp.cpp; path = src/parser/ParserInit.cpp; sourceTree = "<group>"; };
		05254E14EA27FE1502464800 /* src/parser/ParserOperator.cpp */ = {isa = PBXFileReference; lastKnownFileType = sourcecode.cpp.cpp; path = src/parser/ParserOperator.cpp; sourceTree = "<group>"; };
		BF75EA29C369EA84A5972843 /* src/parser/ParserOverload.cpp */ = {isa = PBXFileReference; lastKnownFileType = sourcecode.cpp.cpp; path = src/parser/ParserOverload.cpp; sourceTree = "<group>"; };
		5A438BD661FBAF948D1D19B0 /* src/parser/ParserStmt.cpp */ = {isa = PBXFileReference; lastKnownFileType = sourcecode.cpp.cpp; path = src/parser/ParserStmt.cpp; sourceTree = "<group>"; };
		A577D72EE482EE951B4F2E0F /* src/parser/ParserTemplate.cpp */ = {isa = PBXFileReference; lastKnownFileType = sourcecode.cpp.cpp; path = src/parser/ParserTemplate.cpp; sourceTree = "<group>"; };
		646458922D1D37CF431B0E30 /* src/parser/ParserTopLevel.cpp */ = {isa = PBXFileReference; lastKnownFileType = sourcecode.cpp.cpp; path = src/parser/ParserTopLevel.cpp; sourceTree = "<group>"; };
		632EC35A86600F1CA6B9E6CB /* src/parser/ParserType.cpp */ = {isa = PBXFileReference; lastKnownFileType = sourcecode.cpp.cpp; path = src/parser/ParserType.cpp; sourceTree = "<group>"; };
		7BD3A22A08FE415F41E24BB8 /* src/backend/Arm64Darwin.cpp */ = {isa = PBXFileReference; lastKnownFileType = sourcecode.cpp.cpp; path = src/backend/Arm64Darwin.cpp; sourceTree = "<group>"; };
		C7BABAD5FA765DC53C27E8E4 /* src/backend/Backend.cpp */ = {isa = PBXFileReference; lastKnownFileType = sourcecode.cpp.cpp; path = src/backend/Backend.cpp; sourceTree = "<group>"; };
		CCB488BC0AC94E9AACB6CF80 /* src/backend/Dwarf.cpp */ = {isa = PBXFileReference; lastKnownFileType = sourcecode.cpp.cpp; path = src/backend/Dwarf.cpp; sourceTree = "<group>"; };
		981467474993FB1F17151E7A /* src/backend/Masm.cpp */ = {isa = PBXFileReference; lastKnownFileType = sourcecode.cpp.cpp; path = src/backend/Masm.cpp; sourceTree = "<group>"; };
		FBC60A73CAD35F6AD5B48350 /* src/backend/Spelling.cpp */ = {isa = PBXFileReference; lastKnownFileType = sourcecode.cpp.cpp; path = src/backend/Spelling.cpp; sourceTree = "<group>"; };
		0194126D969DE0C760BE82D9 /* src/backend/Walker.cpp */ = {isa = PBXFileReference; lastKnownFileType = sourcecode.cpp.cpp; path = src/backend/Walker.cpp; sourceTree = "<group>"; };
		3618B71FF04756C303B6826C /* src/backend/X86_64Linux.cpp */ = {isa = PBXFileReference; lastKnownFileType = sourcecode.cpp.cpp; path = src/backend/X86_64Linux.cpp; sourceTree = "<group>"; };
		08C7AC0F6C6FF484F060A813 /* src/backend/X86_64Windows.cpp */ = {isa = PBXFileReference; lastKnownFileType = sourcecode.cpp.cpp; path = src/backend/X86_64Windows.cpp; sourceTree = "<group>"; };
		D91883BFCCD4669404E2E07F /* src/Abi.h */ = {isa = PBXFileReference; lastKnownFileType = sourcecode.c.h; path = src/Abi.h; sourceTree = "<group>"; };
		60C291F985C30A87B7D6A6B0 /* src/Ast.h */ = {isa = PBXFileReference; lastKnownFileType = sourcecode.c.h; path = src/Ast.h; sourceTree = "<group>"; };
		5EB901FB425CEEB5AB663531 /* src/Driver.h */ = {isa = PBXFileReference; lastKnownFileType = sourcecode.c.h; path = src/Driver.h; sourceTree = "<group>"; };
		A09FEC00067E7337EA0E0FA4 /* src/Lexer.h */ = {isa = PBXFileReference; lastKnownFileType = sourcecode.c.h; path = src/Lexer.h; sourceTree = "<group>"; };
		62443168B010545A76A61A6A /* src/Mangle.h */ = {isa = PBXFileReference; lastKnownFileType = sourcecode.c.h; path = src/Mangle.h; sourceTree = "<group>"; };
		4AC7DB35497ADEA80248C4D7 /* src/Operator.h */ = {isa = PBXFileReference; lastKnownFileType = sourcecode.c.h; path = src/Operator.h; sourceTree = "<group>"; };
		1D89F1E1AEB19CE41C21F230 /* src/Preprocessor.h */ = {isa = PBXFileReference; lastKnownFileType = sourcecode.c.h; path = src/Preprocessor.h; sourceTree = "<group>"; };
		E352693A302CA2841363A977 /* src/Source.h */ = {isa = PBXFileReference; lastKnownFileType = sourcecode.c.h; path = src/Source.h; sourceTree = "<group>"; };
		321214FB9840D51BBED1348A /* src/Type.h */ = {isa = PBXFileReference; lastKnownFileType = sourcecode.c.h; path = src/Type.h; sourceTree = "<group>"; };
		73DC33AEF570F5BA49319493 /* src/Version.h */ = {isa = PBXFileReference; lastKnownFileType = sourcecode.c.h; path = src/Version.h; sourceTree = "<group>"; };
		BBC117C3681DF3D5603B858B /* src/backend/Arm64Darwin.h */ = {isa = PBXFileReference; lastKnownFileType = sourcecode.c.h; path = src/backend/Arm64Darwin.h; sourceTree = "<group>"; };
		69B43E3FE15FF6BA52B7A9D7 /* src/backend/Backend.h */ = {isa = PBXFileReference; lastKnownFileType = sourcecode.c.h; path = src/backend/Backend.h; sourceTree = "<group>"; };
		0C031A28A31A9E488F98554B /* src/backend/Dwarf.h */ = {isa = PBXFileReference; lastKnownFileType = sourcecode.c.h; path = src/backend/Dwarf.h; sourceTree = "<group>"; };
		0F708C9900D6DB5B0056DF72 /* src/backend/Masm.h */ = {isa = PBXFileReference; lastKnownFileType = sourcecode.c.h; path = src/backend/Masm.h; sourceTree = "<group>"; };
		695F44250B6B6EE7FC320B03 /* src/backend/Spelling.h */ = {isa = PBXFileReference; lastKnownFileType = sourcecode.c.h; path = src/backend/Spelling.h; sourceTree = "<group>"; };
		F6017481C51C6CA28C8D2733 /* src/backend/Walker.h */ = {isa = PBXFileReference; lastKnownFileType = sourcecode.c.h; path = src/backend/Walker.h; sourceTree = "<group>"; };
		5B01DC5D59E7E1F169FEF351 /* src/backend/X86_64Linux.h */ = {isa = PBXFileReference; lastKnownFileType = sourcecode.c.h; path = src/backend/X86_64Linux.h; sourceTree = "<group>"; };
		7E83085E99FDE803DBFCC2E4 /* src/backend/X86_64Windows.h */ = {isa = PBXFileReference; lastKnownFileType = sourcecode.c.h; path = src/backend/X86_64Windows.h; sourceTree = "<group>"; };
		84ED2FD0C426B783FCAFBD3C /* src/parser/Parser.h */ = {isa = PBXFileReference; lastKnownFileType = sourcecode.c.h; path = src/parser/Parser.h; sourceTree = "<group>"; };
		3A1D698D640E69C185AE0DD6 /* src/parser/ParserInternal.h */ = {isa = PBXFileReference; lastKnownFileType = sourcecode.c.h; path = src/parser/ParserInternal.h; sourceTree = "<group>"; };
		F9BB07A4187E2CF6D0A9D200 /* cxx1i.exe */ = {isa = PBXFileReference; explicitFileType = "compiled.mach-o.executable"; includeInIndex = 0; path = cxx1i.exe; sourceTree = BUILT_PRODUCTS_DIR; };
/* End PBXFileReference section */

/* Begin PBXFrameworksBuildPhase section */
		77699B7786C2FCC27A4C2247 /* Frameworks */ = {
			isa = PBXFrameworksBuildPhase;
			buildActionMask = 2147483647;
			files = (
			);
			runOnlyForDeploymentPostprocessing = 0;
		};
/* End PBXFrameworksBuildPhase section */

/* Begin PBXGroup section */
		2EBF58B6B470E359B557231F = {
			isa = PBXGroup;
			children = (
				64ED52D137687E4C0CA5F465 /* Sources */,
				DDBA713113D88A373E32DFC8 /* Products */,
			);
			sourceTree = "<group>";
		};
		64ED52D137687E4C0CA5F465 /* Sources */ = {
			isa = PBXGroup;
			children = (
				41460D3079A3B0F8ED4379C7 /* src/Driver.cpp */,
				EA13C088159A139927953513 /* src/Lexer.cpp */,
				B852914990AD02030997E138 /* src/Mangle.cpp */,
				A017412FAA33C2F220D90F9D /* src/Operator.cpp */,
				058A4B6FCBDEF169E7E02D5C /* src/Preprocessor.cpp */,
				9BE25388C3D8B606E90C62C3 /* src/Source.cpp */,
				EDAB6F7F3DE8530A7590EE92 /* src/Type.cpp */,
				BFB95FAE69A651FE7D8E57E2 /* src/main.cpp */,
				199EE5B76220986B717172FC /* src/parser/Parser.cpp */,
				5AC74EF9674732D3B62EBBF3 /* src/parser/ParserClass.cpp */,
				08AC52830AC190E1DFCC52F5 /* src/parser/ParserConst.cpp */,
				35747B824017130E47A1D342 /* src/parser/ParserExpr.cpp */,
				F4A7424F980BBF023B7AE47F /* src/parser/ParserExprCall.cpp */,
				A7CBEABA364E5161CA453617 /* src/parser/ParserExprLambda.cpp */,
				5B6DB0F46A80257E63537EDF /* src/parser/ParserExprNew.cpp */,
				AED65BB7F60C7B40209E324B /* src/parser/ParserInit.cpp */,
				05254E14EA27FE1502464800 /* src/parser/ParserOperator.cpp */,
				BF75EA29C369EA84A5972843 /* src/parser/ParserOverload.cpp */,
				5A438BD661FBAF948D1D19B0 /* src/parser/ParserStmt.cpp */,
				A577D72EE482EE951B4F2E0F /* src/parser/ParserTemplate.cpp */,
				646458922D1D37CF431B0E30 /* src/parser/ParserTopLevel.cpp */,
				632EC35A86600F1CA6B9E6CB /* src/parser/ParserType.cpp */,
				7BD3A22A08FE415F41E24BB8 /* src/backend/Arm64Darwin.cpp */,
				C7BABAD5FA765DC53C27E8E4 /* src/backend/Backend.cpp */,
				CCB488BC0AC94E9AACB6CF80 /* src/backend/Dwarf.cpp */,
				981467474993FB1F17151E7A /* src/backend/Masm.cpp */,
				FBC60A73CAD35F6AD5B48350 /* src/backend/Spelling.cpp */,
				0194126D969DE0C760BE82D9 /* src/backend/Walker.cpp */,
				3618B71FF04756C303B6826C /* src/backend/X86_64Linux.cpp */,
				08C7AC0F6C6FF484F060A813 /* src/backend/X86_64Windows.cpp */,
				D91883BFCCD4669404E2E07F /* src/Abi.h */,
				60C291F985C30A87B7D6A6B0 /* src/Ast.h */,
				5EB901FB425CEEB5AB663531 /* src/Driver.h */,
				A09FEC00067E7337EA0E0FA4 /* src/Lexer.h */,
				62443168B010545A76A61A6A /* src/Mangle.h */,
				4AC7DB35497ADEA80248C4D7 /* src/Operator.h */,
				1D89F1E1AEB19CE41C21F230 /* src/Preprocessor.h */,
				E352693A302CA2841363A977 /* src/Source.h */,
				321214FB9840D51BBED1348A /* src/Type.h */,
				73DC33AEF570F5BA49319493 /* src/Version.h */,
				BBC117C3681DF3D5603B858B /* src/backend/Arm64Darwin.h */,
				69B43E3FE15FF6BA52B7A9D7 /* src/backend/Backend.h */,
				0C031A28A31A9E488F98554B /* src/backend/Dwarf.h */,
				0F708C9900D6DB5B0056DF72 /* src/backend/Masm.h */,
				695F44250B6B6EE7FC320B03 /* src/backend/Spelling.h */,
				F6017481C51C6CA28C8D2733 /* src/backend/Walker.h */,
				5B01DC5D59E7E1F169FEF351 /* src/backend/X86_64Linux.h */,
				7E83085E99FDE803DBFCC2E4 /* src/backend/X86_64Windows.h */,
				84ED2FD0C426B783FCAFBD3C /* src/parser/Parser.h */,
				3A1D698D640E69C185AE0DD6 /* src/parser/ParserInternal.h */,
			);
			name = Sources;
			sourceTree = "<group>";
		};
		DDBA713113D88A373E32DFC8 /* Products */ = {
			isa = PBXGroup;
			children = (
				F9BB07A4187E2CF6D0A9D200 /* cxx1i.exe */,
			);
			name = Products;
			sourceTree = "<group>";
		};
/* End PBXGroup section */

/* Begin PBXNativeTarget section */
		18A333A5AFDA179A6C4A9DFF /* cxx1i.exe */ = {
			isa = PBXNativeTarget;
			buildConfigurationList = AA219579D3BE46B5AF3F6988;
			buildPhases = (
				9511DCF6404838218FB63C85 /* Sources */,
				77699B7786C2FCC27A4C2247 /* Frameworks */,
				244D3D3ECBAEBA9B60C83A18 /* put the finished program in RStudio's directory */,
			);
			buildRules = (
			);
			dependencies = (
			);
			name = cxx1i.exe;
			productName = cxx1i.exe;
			productReference = F9BB07A4187E2CF6D0A9D200 /* cxx1i.exe */;
			productType = "com.apple.product-type.tool";
		};
/* End PBXNativeTarget section */

/* Begin PBXProject section */
		FBE2B8A5B78FFC7B6264E337 /* Project object */ = {
			isa = PBXProject;
			attributes = {
				BuildIndependentTargetsInParallel = 1;
				LastUpgradeCheck = 1600;
			};
			buildConfigurationList = B26A7DAAF48693E81736BC86;
			developmentRegion = en;
			hasScannedForEncodings = 0;
			knownRegions = (
				en,
				Base,
			);
			mainGroup = 2EBF58B6B470E359B557231F;
			productRefGroup = DDBA713113D88A373E32DFC8 /* Products */;
			projectDirPath = "";
			projectRoot = "";
			targets = (
				18A333A5AFDA179A6C4A9DFF /* cxx1i.exe */,
			);
		};
/* End PBXProject section */

/* Begin PBXShellScriptBuildPhase section */
		244D3D3ECBAEBA9B60C83A18 /* put the finished program in RStudio's directory */ = {
			isa = PBXShellScriptBuildPhase;
			alwaysOutOfDate = 1;
			buildActionMask = 2147483647;
			files = (
			);
			inputPaths = (
			);
			name = "put the finished program in RStudio's directory";
			outputPaths = (
			);
			runOnlyForDeploymentPostprocessing = 0;
			shellPath = /bin/sh;
			shellScript = "set -e\ndest=\"$SRCROOT/../RStudio\"\nmkdir -p \"$dest\"\ncp -f \"$BUILT_PRODUCTS_DIR/$PRODUCT_NAME\" \"$dest/.$PRODUCT_NAME.new\"\nmv -f \"$dest/.$PRODUCT_NAME.new\" \"$dest/$PRODUCT_NAME\"\ncodesign --force --sign - \"$dest/$PRODUCT_NAME\"\n";
		};
/* End PBXShellScriptBuildPhase section */

/* Begin PBXSourcesBuildPhase section */
		9511DCF6404838218FB63C85 /* Sources */ = {
			isa = PBXSourcesBuildPhase;
			buildActionMask = 2147483647;
			files = (
				6C74E8CA3E43C66517749C6D /* src/Driver.cpp in Sources */,
				CA68FBDD49761F244BE47513 /* src/Lexer.cpp in Sources */,
				469877D4AD00A2B59A24801B /* src/Mangle.cpp in Sources */,
				3A31F9C52F7053A219B94DE6 /* src/Operator.cpp in Sources */,
				35F2D70EAA7846D7A80A0840 /* src/Preprocessor.cpp in Sources */,
				4FBFBDF7156FF48F48839126 /* src/Source.cpp in Sources */,
				0C32407FE4A413CC124CC7DD /* src/Type.cpp in Sources */,
				55E35423139734B08E8B6321 /* src/main.cpp in Sources */,
				9C2F0F67A25E5EA0BC8DEF62 /* src/parser/Parser.cpp in Sources */,
				56F7BDF8811B84A3D1706AC2 /* src/parser/ParserClass.cpp in Sources */,
				FB8089B34DB9FA22254E3AFD /* src/parser/ParserConst.cpp in Sources */,
				4DC1E2B18CACE819177C71EC /* src/parser/ParserExpr.cpp in Sources */,
				2B1BB176E0A841C8AB3B0775 /* src/parser/ParserExprCall.cpp in Sources */,
				F192661368B7C77A055F0911 /* src/parser/ParserExprLambda.cpp in Sources */,
				327B357B72926F4C2D996B58 /* src/parser/ParserExprNew.cpp in Sources */,
				026761C703A10839E8F9BDAA /* src/parser/ParserInit.cpp in Sources */,
				911EFBA53D1C69B0EAAE2BFA /* src/parser/ParserOperator.cpp in Sources */,
				C34338385C900ACBFB4AEDE0 /* src/parser/ParserOverload.cpp in Sources */,
				71B607B6D03C24A863BFCC33 /* src/parser/ParserStmt.cpp in Sources */,
				9D9C97E0409747CC7369E517 /* src/parser/ParserTemplate.cpp in Sources */,
				A3CAFCA7446946089388E273 /* src/parser/ParserTopLevel.cpp in Sources */,
				17F58A506A715D1E6D61B9BB /* src/parser/ParserType.cpp in Sources */,
				B1E2BA743D728FB44632C5BF /* src/backend/Arm64Darwin.cpp in Sources */,
				7C13BA124E565DA75F1B2316 /* src/backend/Backend.cpp in Sources */,
				06F46223FF0C1F9F5222A705 /* src/backend/Dwarf.cpp in Sources */,
				10CD5A1900C0B85B2D7B204F /* src/backend/Masm.cpp in Sources */,
				33D38228C68DDEC56088DDBC /* src/backend/Spelling.cpp in Sources */,
				CA4E29284CBA5FB78BE9E65A /* src/backend/Walker.cpp in Sources */,
				490658E5C20D751B3332F2E7 /* src/backend/X86_64Linux.cpp in Sources */,
				73D2B5DB98CBF57FDA90B57B /* src/backend/X86_64Windows.cpp in Sources */,
			);
			runOnlyForDeploymentPostprocessing = 0;
		};
/* End PBXSourcesBuildPhase section */

/* Begin XCBuildConfiguration section */
		0395B1B0428CDA4657A24718 /* Debug */ = {
			isa = XCBuildConfiguration;
			buildSettings = {
				ALWAYS_SEARCH_USER_PATHS = NO;
				OBJROOT = "$(TMPDIR)/rstudio-xcode";
				SYMROOT = "$(TMPDIR)/rstudio-xcode";
				CLANG_CXX_LANGUAGE_STANDARD = "c++14";
				CLANG_ENABLE_OBJC_ARC = YES;
				CLANG_WARN_IMPLICIT_SIGN_CONVERSION = NO;
				CODE_SIGN_STYLE = Automatic;
				GCC_TREAT_WARNINGS_AS_ERRORS = YES;
				GCC_WARN_64_TO_32_BIT_CONVERSION = NO;
				MACOSX_DEPLOYMENT_TARGET = 10.15;
				PRODUCT_NAME = cxx1i.exe;
				SDKROOT = macosx;
				USER_HEADER_SEARCH_PATHS = "$(SRCROOT)/src";
				WARNING_CFLAGS = (
					"-Wall",
					"-Wextra",
					"-pedantic",
				);
				GCC_PREPROCESSOR_DEFINITIONS = "CXX1_INCLUDE_DIR=\\\"$(SRCROOT)/lib\\\" CXX1_CXX_INCLUDE_DIR=\\\"$(SRCROOT)/include\\\"";
				DEBUG_INFORMATION_FORMAT = dwarf;
				GCC_OPTIMIZATION_LEVEL = 0;
			};
			name = Debug;
		};
		9807C9EC44A0A3098AF674E4 /* Release */ = {
			isa = XCBuildConfiguration;
			buildSettings = {
				ALWAYS_SEARCH_USER_PATHS = NO;
				OBJROOT = "$(TMPDIR)/rstudio-xcode";
				SYMROOT = "$(TMPDIR)/rstudio-xcode";
				CLANG_CXX_LANGUAGE_STANDARD = "c++14";
				CLANG_ENABLE_OBJC_ARC = YES;
				CLANG_WARN_IMPLICIT_SIGN_CONVERSION = NO;
				CODE_SIGN_STYLE = Automatic;
				GCC_TREAT_WARNINGS_AS_ERRORS = YES;
				GCC_WARN_64_TO_32_BIT_CONVERSION = NO;
				MACOSX_DEPLOYMENT_TARGET = 10.15;
				PRODUCT_NAME = cxx1i.exe;
				SDKROOT = macosx;
				USER_HEADER_SEARCH_PATHS = "$(SRCROOT)/src";
				WARNING_CFLAGS = (
					"-Wall",
					"-Wextra",
					"-pedantic",
				);
				GCC_PREPROCESSOR_DEFINITIONS = "CXX1_INCLUDE_DIR=\\\"$(SRCROOT)/lib\\\" CXX1_CXX_INCLUDE_DIR=\\\"$(SRCROOT)/include\\\"";
				DEBUG_INFORMATION_FORMAT = "dwarf-with-dsym";
				GCC_OPTIMIZATION_LEVEL = 2;
			};
			name = Release;
		};
		F57894C802B7AD2A0E5A5B47 /* Debug */ = {
			isa = XCBuildConfiguration;
			buildSettings = {
				ALWAYS_SEARCH_USER_PATHS = NO;
				OBJROOT = "$(TMPDIR)/rstudio-xcode";
				SYMROOT = "$(TMPDIR)/rstudio-xcode";
				CLANG_CXX_LANGUAGE_STANDARD = "c++14";
				CLANG_ENABLE_OBJC_ARC = YES;
				CLANG_WARN_IMPLICIT_SIGN_CONVERSION = NO;
				CODE_SIGN_STYLE = Automatic;
				GCC_TREAT_WARNINGS_AS_ERRORS = YES;
				GCC_WARN_64_TO_32_BIT_CONVERSION = NO;
				MACOSX_DEPLOYMENT_TARGET = 10.15;
				PRODUCT_NAME = cxx1i.exe;
				SDKROOT = macosx;
				USER_HEADER_SEARCH_PATHS = "$(SRCROOT)/src";
				WARNING_CFLAGS = (
					"-Wall",
					"-Wextra",
					"-pedantic",
				);
				GCC_PREPROCESSOR_DEFINITIONS = "CXX1_INCLUDE_DIR=\\\"$(SRCROOT)/lib\\\" CXX1_CXX_INCLUDE_DIR=\\\"$(SRCROOT)/include\\\"";
				DEBUG_INFORMATION_FORMAT = dwarf;
				GCC_OPTIMIZATION_LEVEL = 0;
			};
			name = Debug;
		};
		CC9EBF3CEABD93E65B15FF46 /* Release */ = {
			isa = XCBuildConfiguration;
			buildSettings = {
				ALWAYS_SEARCH_USER_PATHS = NO;
				OBJROOT = "$(TMPDIR)/rstudio-xcode";
				SYMROOT = "$(TMPDIR)/rstudio-xcode";
				CLANG_CXX_LANGUAGE_STANDARD = "c++14";
				CLANG_ENABLE_OBJC_ARC = YES;
				CLANG_WARN_IMPLICIT_SIGN_CONVERSION = NO;
				CODE_SIGN_STYLE = Automatic;
				GCC_TREAT_WARNINGS_AS_ERRORS = YES;
				GCC_WARN_64_TO_32_BIT_CONVERSION = NO;
				MACOSX_DEPLOYMENT_TARGET = 10.15;
				PRODUCT_NAME = cxx1i.exe;
				SDKROOT = macosx;
				USER_HEADER_SEARCH_PATHS = "$(SRCROOT)/src";
				WARNING_CFLAGS = (
					"-Wall",
					"-Wextra",
					"-pedantic",
				);
				GCC_PREPROCESSOR_DEFINITIONS = "CXX1_INCLUDE_DIR=\\\"$(SRCROOT)/lib\\\" CXX1_CXX_INCLUDE_DIR=\\\"$(SRCROOT)/include\\\"";
				DEBUG_INFORMATION_FORMAT = "dwarf-with-dsym";
				GCC_OPTIMIZATION_LEVEL = 2;
			};
			name = Release;
		};
/* End XCBuildConfiguration section */

/* Begin XCConfigurationList section */
		B26A7DAAF48693E81736BC86 /* project */ = {
			isa = XCConfigurationList;
			buildConfigurations = (
				0395B1B0428CDA4657A24718 /* Debug */,
				9807C9EC44A0A3098AF674E4 /* Release */,
			);
			defaultConfigurationIsVisible = 0;
			defaultConfigurationName = Debug;
		};
		AA219579D3BE46B5AF3F6988 /* target */ = {
			isa = XCConfigurationList;
			buildConfigurations = (
				F57894C802B7AD2A0E5A5B47 /* Debug */,
				CC9EBF3CEABD93E65B15FF46 /* Release */,
			);
			defaultConfigurationIsVisible = 0;
			defaultConfigurationName = Debug;
		};
/* End XCConfigurationList section */
	};
	rootObject = FBE2B8A5B78FFC7B6264E337 /* Project object */;
}
