// !$*UTF8*$!
{
	archiveVersion = 1;
	classes = {
	};
	objectVersion = 56;
	objects = {

/* Begin PBXBuildFile section */
		CE887528EA8ABCC94928D08A /* src/Driver.cpp in Sources */ = {isa = PBXBuildFile; fileRef = 69C4E20021E27BB6DA946BF1 /* src/Driver.cpp */; };
		1EFD5721739982AF1EFCA6AC /* src/Lexer.cpp in Sources */ = {isa = PBXBuildFile; fileRef = 8918D5EC2702EF2FEBFFFD4C /* src/Lexer.cpp */; };
		4A7991760A1205F04FDEC977 /* src/Mangle.cpp in Sources */ = {isa = PBXBuildFile; fileRef = 9573F730C2AA72EB8D3B8972 /* src/Mangle.cpp */; };
		48DDEECFE0865E5B909524C4 /* src/Operator.cpp in Sources */ = {isa = PBXBuildFile; fileRef = 933296A107AFCECFE24DC859 /* src/Operator.cpp */; };
		C9B69B823C572C2F10BBAAE2 /* src/Preprocessor.cpp in Sources */ = {isa = PBXBuildFile; fileRef = C22E9F4DF26CC9C8A76CC6ED /* src/Preprocessor.cpp */; };
		4C43AD6E65A11943017B1068 /* src/Source.cpp in Sources */ = {isa = PBXBuildFile; fileRef = 05006D0F827D0E71A57441AB /* src/Source.cpp */; };
		8ECD60C07C767D6D33E08B5B /* src/Type.cpp in Sources */ = {isa = PBXBuildFile; fileRef = 0BF824B570AA148A6BE827CB /* src/Type.cpp */; };
		0EDB730E2C46BA4EDFB00563 /* src/main.cpp in Sources */ = {isa = PBXBuildFile; fileRef = 6BA7B92854C8557278992D29 /* src/main.cpp */; };
		E5F1347B01E7A7CFB6E55C2E /* src/parser/Parser.cpp in Sources */ = {isa = PBXBuildFile; fileRef = E7785C028EC35E41FD286F58 /* src/parser/Parser.cpp */; };
		6BBB031BA1C427F6C7AF1CA7 /* src/parser/ParserClass.cpp in Sources */ = {isa = PBXBuildFile; fileRef = 114346E590A85DA70DCA7C24 /* src/parser/ParserClass.cpp */; };
		16646278DB507CC3D6672C09 /* src/parser/ParserConst.cpp in Sources */ = {isa = PBXBuildFile; fileRef = 5CC14B3B1A93B36BF974350B /* src/parser/ParserConst.cpp */; };
		C6EA66D4BE1277E2304A2514 /* src/parser/ParserExpr.cpp in Sources */ = {isa = PBXBuildFile; fileRef = 8838D18F86BD644881909B5D /* src/parser/ParserExpr.cpp */; };
		BD372D1A2D5AD9BF5B78B003 /* src/parser/ParserExprCall.cpp in Sources */ = {isa = PBXBuildFile; fileRef = 117E25971EB6BA73DE4C9A34 /* src/parser/ParserExprCall.cpp */; };
		E71B687EA7B8F303F5FE97D9 /* src/parser/ParserExprLambda.cpp in Sources */ = {isa = PBXBuildFile; fileRef = A64E12ACB3295D873F86CDDF /* src/parser/ParserExprLambda.cpp */; };
		55B7BF48F23C784624DFBA64 /* src/parser/ParserExprNew.cpp in Sources */ = {isa = PBXBuildFile; fileRef = 05246349EA632164C1B23795 /* src/parser/ParserExprNew.cpp */; };
		3D9F60A5E8D6F12F3054A96A /* src/parser/ParserInit.cpp in Sources */ = {isa = PBXBuildFile; fileRef = CB29805B6E97F913DE21EDE6 /* src/parser/ParserInit.cpp */; };
		0F5F59A52395B57FE9279542 /* src/parser/ParserOperator.cpp in Sources */ = {isa = PBXBuildFile; fileRef = F313ECD0E86CD86B61A5D2EE /* src/parser/ParserOperator.cpp */; };
		295FDF8949472472DC30ABB7 /* src/parser/ParserOverload.cpp in Sources */ = {isa = PBXBuildFile; fileRef = 7B861A9688330A3B2DB0B6B4 /* src/parser/ParserOverload.cpp */; };
		6CBF301A984B51605B80F9CB /* src/parser/ParserStmt.cpp in Sources */ = {isa = PBXBuildFile; fileRef = D7906CEAE1618321D7C25CAD /* src/parser/ParserStmt.cpp */; };
		C6571D513B06BD47BE9FB772 /* src/parser/ParserTemplate.cpp in Sources */ = {isa = PBXBuildFile; fileRef = 4DB0339C83FC6B9DA4E3D304 /* src/parser/ParserTemplate.cpp */; };
		8B035ADE5A5242756296226B /* src/parser/ParserTopLevel.cpp in Sources */ = {isa = PBXBuildFile; fileRef = 5EB716BDD1D8D700594B70CF /* src/parser/ParserTopLevel.cpp */; };
		F21AB246E67A64F4E780BDC3 /* src/parser/ParserType.cpp in Sources */ = {isa = PBXBuildFile; fileRef = B311B9BD4DDC2639D834055E /* src/parser/ParserType.cpp */; };
		A56A0BE9CC062ED20D315B60 /* src/parser/ParserVtable.cpp in Sources */ = {isa = PBXBuildFile; fileRef = 870E49E826C275AE38756205 /* src/parser/ParserVtable.cpp */; };
		7C046E25331E28BAB1BFC23F /* src/backend/Arm64Darwin.cpp in Sources */ = {isa = PBXBuildFile; fileRef = E1CB2D187A69C204959A8376 /* src/backend/Arm64Darwin.cpp */; };
		FA796AB2F3B057DE38156171 /* src/backend/Backend.cpp in Sources */ = {isa = PBXBuildFile; fileRef = 3D0254CEA8DBB37672376EC4 /* src/backend/Backend.cpp */; };
		67CD6CFFA5B8BDBCE8AE9A18 /* src/backend/Dwarf.cpp in Sources */ = {isa = PBXBuildFile; fileRef = E329DF1823EBBA5395533522 /* src/backend/Dwarf.cpp */; };
		59CED90FD3E42C044336C09A /* src/backend/Masm.cpp in Sources */ = {isa = PBXBuildFile; fileRef = 13496AD27AF27A57B428DC7A /* src/backend/Masm.cpp */; };
		C2F551B03398E879A46AD4ED /* src/backend/Optimizer.cpp in Sources */ = {isa = PBXBuildFile; fileRef = A1030A69C41C80BB4A5A7F85 /* src/backend/Optimizer.cpp */; };
		A401F764FA7B45035DAB67EB /* src/backend/Spelling.cpp in Sources */ = {isa = PBXBuildFile; fileRef = B792F3ABEB201C4F29AB6F1E /* src/backend/Spelling.cpp */; };
		1DF35BBBBEAFF601F050E992 /* src/backend/Tms6747.cpp in Sources */ = {isa = PBXBuildFile; fileRef = 7455D42AC40526B85C035B1D /* src/backend/Tms6747.cpp */; };
		C4AA529A8A94500C0A8BD37E /* src/backend/Walker.cpp in Sources */ = {isa = PBXBuildFile; fileRef = 1BE3C2991CDB066E5524502A /* src/backend/Walker.cpp */; };
		A60A4C41A2833EAEFD7983AE /* src/backend/X86_64Linux.cpp in Sources */ = {isa = PBXBuildFile; fileRef = CB3A4E5BF4D87E93571BB665 /* src/backend/X86_64Linux.cpp */; };
		F5792A05AD3F1AA1BF104861 /* src/backend/X86_64Windows.cpp in Sources */ = {isa = PBXBuildFile; fileRef = C237FFDEFA542F70F6678E6C /* src/backend/X86_64Windows.cpp */; };
/* End PBXBuildFile section */

/* Begin PBXFileReference section */
		69C4E20021E27BB6DA946BF1 /* src/Driver.cpp */ = {isa = PBXFileReference; lastKnownFileType = sourcecode.cpp.cpp; path = src/Driver.cpp; sourceTree = "<group>"; };
		8918D5EC2702EF2FEBFFFD4C /* src/Lexer.cpp */ = {isa = PBXFileReference; lastKnownFileType = sourcecode.cpp.cpp; path = src/Lexer.cpp; sourceTree = "<group>"; };
		9573F730C2AA72EB8D3B8972 /* src/Mangle.cpp */ = {isa = PBXFileReference; lastKnownFileType = sourcecode.cpp.cpp; path = src/Mangle.cpp; sourceTree = "<group>"; };
		933296A107AFCECFE24DC859 /* src/Operator.cpp */ = {isa = PBXFileReference; lastKnownFileType = sourcecode.cpp.cpp; path = src/Operator.cpp; sourceTree = "<group>"; };
		C22E9F4DF26CC9C8A76CC6ED /* src/Preprocessor.cpp */ = {isa = PBXFileReference; lastKnownFileType = sourcecode.cpp.cpp; path = src/Preprocessor.cpp; sourceTree = "<group>"; };
		05006D0F827D0E71A57441AB /* src/Source.cpp */ = {isa = PBXFileReference; lastKnownFileType = sourcecode.cpp.cpp; path = src/Source.cpp; sourceTree = "<group>"; };
		0BF824B570AA148A6BE827CB /* src/Type.cpp */ = {isa = PBXFileReference; lastKnownFileType = sourcecode.cpp.cpp; path = src/Type.cpp; sourceTree = "<group>"; };
		6BA7B92854C8557278992D29 /* src/main.cpp */ = {isa = PBXFileReference; lastKnownFileType = sourcecode.cpp.cpp; path = src/main.cpp; sourceTree = "<group>"; };
		E7785C028EC35E41FD286F58 /* src/parser/Parser.cpp */ = {isa = PBXFileReference; lastKnownFileType = sourcecode.cpp.cpp; path = src/parser/Parser.cpp; sourceTree = "<group>"; };
		114346E590A85DA70DCA7C24 /* src/parser/ParserClass.cpp */ = {isa = PBXFileReference; lastKnownFileType = sourcecode.cpp.cpp; path = src/parser/ParserClass.cpp; sourceTree = "<group>"; };
		5CC14B3B1A93B36BF974350B /* src/parser/ParserConst.cpp */ = {isa = PBXFileReference; lastKnownFileType = sourcecode.cpp.cpp; path = src/parser/ParserConst.cpp; sourceTree = "<group>"; };
		8838D18F86BD644881909B5D /* src/parser/ParserExpr.cpp */ = {isa = PBXFileReference; lastKnownFileType = sourcecode.cpp.cpp; path = src/parser/ParserExpr.cpp; sourceTree = "<group>"; };
		117E25971EB6BA73DE4C9A34 /* src/parser/ParserExprCall.cpp */ = {isa = PBXFileReference; lastKnownFileType = sourcecode.cpp.cpp; path = src/parser/ParserExprCall.cpp; sourceTree = "<group>"; };
		A64E12ACB3295D873F86CDDF /* src/parser/ParserExprLambda.cpp */ = {isa = PBXFileReference; lastKnownFileType = sourcecode.cpp.cpp; path = src/parser/ParserExprLambda.cpp; sourceTree = "<group>"; };
		05246349EA632164C1B23795 /* src/parser/ParserExprNew.cpp */ = {isa = PBXFileReference; lastKnownFileType = sourcecode.cpp.cpp; path = src/parser/ParserExprNew.cpp; sourceTree = "<group>"; };
		CB29805B6E97F913DE21EDE6 /* src/parser/ParserInit.cpp */ = {isa = PBXFileReference; lastKnownFileType = sourcecode.cpp.cpp; path = src/parser/ParserInit.cpp; sourceTree = "<group>"; };
		F313ECD0E86CD86B61A5D2EE /* src/parser/ParserOperator.cpp */ = {isa = PBXFileReference; lastKnownFileType = sourcecode.cpp.cpp; path = src/parser/ParserOperator.cpp; sourceTree = "<group>"; };
		7B861A9688330A3B2DB0B6B4 /* src/parser/ParserOverload.cpp */ = {isa = PBXFileReference; lastKnownFileType = sourcecode.cpp.cpp; path = src/parser/ParserOverload.cpp; sourceTree = "<group>"; };
		D7906CEAE1618321D7C25CAD /* src/parser/ParserStmt.cpp */ = {isa = PBXFileReference; lastKnownFileType = sourcecode.cpp.cpp; path = src/parser/ParserStmt.cpp; sourceTree = "<group>"; };
		4DB0339C83FC6B9DA4E3D304 /* src/parser/ParserTemplate.cpp */ = {isa = PBXFileReference; lastKnownFileType = sourcecode.cpp.cpp; path = src/parser/ParserTemplate.cpp; sourceTree = "<group>"; };
		5EB716BDD1D8D700594B70CF /* src/parser/ParserTopLevel.cpp */ = {isa = PBXFileReference; lastKnownFileType = sourcecode.cpp.cpp; path = src/parser/ParserTopLevel.cpp; sourceTree = "<group>"; };
		B311B9BD4DDC2639D834055E /* src/parser/ParserType.cpp */ = {isa = PBXFileReference; lastKnownFileType = sourcecode.cpp.cpp; path = src/parser/ParserType.cpp; sourceTree = "<group>"; };
		870E49E826C275AE38756205 /* src/parser/ParserVtable.cpp */ = {isa = PBXFileReference; lastKnownFileType = sourcecode.cpp.cpp; path = src/parser/ParserVtable.cpp; sourceTree = "<group>"; };
		E1CB2D187A69C204959A8376 /* src/backend/Arm64Darwin.cpp */ = {isa = PBXFileReference; lastKnownFileType = sourcecode.cpp.cpp; path = src/backend/Arm64Darwin.cpp; sourceTree = "<group>"; };
		3D0254CEA8DBB37672376EC4 /* src/backend/Backend.cpp */ = {isa = PBXFileReference; lastKnownFileType = sourcecode.cpp.cpp; path = src/backend/Backend.cpp; sourceTree = "<group>"; };
		E329DF1823EBBA5395533522 /* src/backend/Dwarf.cpp */ = {isa = PBXFileReference; lastKnownFileType = sourcecode.cpp.cpp; path = src/backend/Dwarf.cpp; sourceTree = "<group>"; };
		13496AD27AF27A57B428DC7A /* src/backend/Masm.cpp */ = {isa = PBXFileReference; lastKnownFileType = sourcecode.cpp.cpp; path = src/backend/Masm.cpp; sourceTree = "<group>"; };
		A1030A69C41C80BB4A5A7F85 /* src/backend/Optimizer.cpp */ = {isa = PBXFileReference; lastKnownFileType = sourcecode.cpp.cpp; path = src/backend/Optimizer.cpp; sourceTree = "<group>"; };
		B792F3ABEB201C4F29AB6F1E /* src/backend/Spelling.cpp */ = {isa = PBXFileReference; lastKnownFileType = sourcecode.cpp.cpp; path = src/backend/Spelling.cpp; sourceTree = "<group>"; };
		7455D42AC40526B85C035B1D /* src/backend/Tms6747.cpp */ = {isa = PBXFileReference; lastKnownFileType = sourcecode.cpp.cpp; path = src/backend/Tms6747.cpp; sourceTree = "<group>"; };
		1BE3C2991CDB066E5524502A /* src/backend/Walker.cpp */ = {isa = PBXFileReference; lastKnownFileType = sourcecode.cpp.cpp; path = src/backend/Walker.cpp; sourceTree = "<group>"; };
		CB3A4E5BF4D87E93571BB665 /* src/backend/X86_64Linux.cpp */ = {isa = PBXFileReference; lastKnownFileType = sourcecode.cpp.cpp; path = src/backend/X86_64Linux.cpp; sourceTree = "<group>"; };
		C237FFDEFA542F70F6678E6C /* src/backend/X86_64Windows.cpp */ = {isa = PBXFileReference; lastKnownFileType = sourcecode.cpp.cpp; path = src/backend/X86_64Windows.cpp; sourceTree = "<group>"; };
		2CA1A8F31608CE6FEE9B4AF4 /* src/Abi.h */ = {isa = PBXFileReference; lastKnownFileType = sourcecode.c.h; path = src/Abi.h; sourceTree = "<group>"; };
		D786B3B871EB8A5B8E4BFF73 /* src/Ast.h */ = {isa = PBXFileReference; lastKnownFileType = sourcecode.c.h; path = src/Ast.h; sourceTree = "<group>"; };
		3B9E58F0C5A4065739367603 /* src/Driver.h */ = {isa = PBXFileReference; lastKnownFileType = sourcecode.c.h; path = src/Driver.h; sourceTree = "<group>"; };
		E8A3DF770338729B07B00C3D /* src/Lexer.h */ = {isa = PBXFileReference; lastKnownFileType = sourcecode.c.h; path = src/Lexer.h; sourceTree = "<group>"; };
		940D36638D0B85DDA0810399 /* src/Mangle.h */ = {isa = PBXFileReference; lastKnownFileType = sourcecode.c.h; path = src/Mangle.h; sourceTree = "<group>"; };
		6CC8FE0DA50981F02C110954 /* src/Name.h */ = {isa = PBXFileReference; lastKnownFileType = sourcecode.c.h; path = src/Name.h; sourceTree = "<group>"; };
		B16F1210DC3C8A068659FF68 /* src/Operator.h */ = {isa = PBXFileReference; lastKnownFileType = sourcecode.c.h; path = src/Operator.h; sourceTree = "<group>"; };
		739119A72B5232A63855C86E /* src/Preprocessor.h */ = {isa = PBXFileReference; lastKnownFileType = sourcecode.c.h; path = src/Preprocessor.h; sourceTree = "<group>"; };
		629BC4F41AC4891468F18113 /* src/Source.h */ = {isa = PBXFileReference; lastKnownFileType = sourcecode.c.h; path = src/Source.h; sourceTree = "<group>"; };
		F33A3DA7A303095B023E2B97 /* src/Type.h */ = {isa = PBXFileReference; lastKnownFileType = sourcecode.c.h; path = src/Type.h; sourceTree = "<group>"; };
		31798B2878299C19D8644979 /* src/Version.h */ = {isa = PBXFileReference; lastKnownFileType = sourcecode.c.h; path = src/Version.h; sourceTree = "<group>"; };
		112A9344BEC306DD6EBB9052 /* src/backend/Arm64Darwin.h */ = {isa = PBXFileReference; lastKnownFileType = sourcecode.c.h; path = src/backend/Arm64Darwin.h; sourceTree = "<group>"; };
		6EE74B83AE6EBDDAB5E4BE95 /* src/backend/Backend.h */ = {isa = PBXFileReference; lastKnownFileType = sourcecode.c.h; path = src/backend/Backend.h; sourceTree = "<group>"; };
		5540D60099D567EFE37ADB47 /* src/backend/Dwarf.h */ = {isa = PBXFileReference; lastKnownFileType = sourcecode.c.h; path = src/backend/Dwarf.h; sourceTree = "<group>"; };
		4902DC75A8BCCB2A870E0DF7 /* src/backend/Masm.h */ = {isa = PBXFileReference; lastKnownFileType = sourcecode.c.h; path = src/backend/Masm.h; sourceTree = "<group>"; };
		F16CC295912D0E95792B8D8E /* src/backend/Optimizer.h */ = {isa = PBXFileReference; lastKnownFileType = sourcecode.c.h; path = src/backend/Optimizer.h; sourceTree = "<group>"; };
		BC87335ED287BC46161EB50A /* src/backend/Spelling.h */ = {isa = PBXFileReference; lastKnownFileType = sourcecode.c.h; path = src/backend/Spelling.h; sourceTree = "<group>"; };
		3912B9333D8A8952A76175C5 /* src/backend/Tms6747.h */ = {isa = PBXFileReference; lastKnownFileType = sourcecode.c.h; path = src/backend/Tms6747.h; sourceTree = "<group>"; };
		DF1986D2D7FD507F838AF268 /* src/backend/Walker.h */ = {isa = PBXFileReference; lastKnownFileType = sourcecode.c.h; path = src/backend/Walker.h; sourceTree = "<group>"; };
		EF5C324D77DEC0D5528627DD /* src/backend/X86_64Linux.h */ = {isa = PBXFileReference; lastKnownFileType = sourcecode.c.h; path = src/backend/X86_64Linux.h; sourceTree = "<group>"; };
		5F942826BA8BD2F3DFD0DCF4 /* src/backend/X86_64Windows.h */ = {isa = PBXFileReference; lastKnownFileType = sourcecode.c.h; path = src/backend/X86_64Windows.h; sourceTree = "<group>"; };
		3E4E9D6A08918BF02E1ED07D /* src/parser/Parser.h */ = {isa = PBXFileReference; lastKnownFileType = sourcecode.c.h; path = src/parser/Parser.h; sourceTree = "<group>"; };
		2D964B7F6577B34313330876 /* src/parser/ParserInternal.h */ = {isa = PBXFileReference; lastKnownFileType = sourcecode.c.h; path = src/parser/ParserInternal.h; sourceTree = "<group>"; };
		2DC24FDB4CCDA14233AB5364 /* cpp11.exe */ = {isa = PBXFileReference; explicitFileType = "compiled.mach-o.executable"; includeInIndex = 0; path = cpp11.exe; sourceTree = BUILT_PRODUCTS_DIR; };
/* End PBXFileReference section */

/* Begin PBXFrameworksBuildPhase section */
		A47DBE55C9F822054787CB78 /* Frameworks */ = {
			isa = PBXFrameworksBuildPhase;
			buildActionMask = 2147483647;
			files = (
			);
			runOnlyForDeploymentPostprocessing = 0;
		};
/* End PBXFrameworksBuildPhase section */

/* Begin PBXGroup section */
		213E555480905F84D1CEB534 = {
			isa = PBXGroup;
			children = (
				73237848B6196AEB2A317732 /* Sources */,
				604A536DCD10FF94279C1BBA /* Products */,
			);
			sourceTree = "<group>";
		};
		73237848B6196AEB2A317732 /* Sources */ = {
			isa = PBXGroup;
			children = (
				69C4E20021E27BB6DA946BF1 /* src/Driver.cpp */,
				8918D5EC2702EF2FEBFFFD4C /* src/Lexer.cpp */,
				9573F730C2AA72EB8D3B8972 /* src/Mangle.cpp */,
				933296A107AFCECFE24DC859 /* src/Operator.cpp */,
				C22E9F4DF26CC9C8A76CC6ED /* src/Preprocessor.cpp */,
				05006D0F827D0E71A57441AB /* src/Source.cpp */,
				0BF824B570AA148A6BE827CB /* src/Type.cpp */,
				6BA7B92854C8557278992D29 /* src/main.cpp */,
				E7785C028EC35E41FD286F58 /* src/parser/Parser.cpp */,
				114346E590A85DA70DCA7C24 /* src/parser/ParserClass.cpp */,
				5CC14B3B1A93B36BF974350B /* src/parser/ParserConst.cpp */,
				8838D18F86BD644881909B5D /* src/parser/ParserExpr.cpp */,
				117E25971EB6BA73DE4C9A34 /* src/parser/ParserExprCall.cpp */,
				A64E12ACB3295D873F86CDDF /* src/parser/ParserExprLambda.cpp */,
				05246349EA632164C1B23795 /* src/parser/ParserExprNew.cpp */,
				CB29805B6E97F913DE21EDE6 /* src/parser/ParserInit.cpp */,
				F313ECD0E86CD86B61A5D2EE /* src/parser/ParserOperator.cpp */,
				7B861A9688330A3B2DB0B6B4 /* src/parser/ParserOverload.cpp */,
				D7906CEAE1618321D7C25CAD /* src/parser/ParserStmt.cpp */,
				4DB0339C83FC6B9DA4E3D304 /* src/parser/ParserTemplate.cpp */,
				5EB716BDD1D8D700594B70CF /* src/parser/ParserTopLevel.cpp */,
				B311B9BD4DDC2639D834055E /* src/parser/ParserType.cpp */,
				870E49E826C275AE38756205 /* src/parser/ParserVtable.cpp */,
				E1CB2D187A69C204959A8376 /* src/backend/Arm64Darwin.cpp */,
				3D0254CEA8DBB37672376EC4 /* src/backend/Backend.cpp */,
				E329DF1823EBBA5395533522 /* src/backend/Dwarf.cpp */,
				13496AD27AF27A57B428DC7A /* src/backend/Masm.cpp */,
				A1030A69C41C80BB4A5A7F85 /* src/backend/Optimizer.cpp */,
				B792F3ABEB201C4F29AB6F1E /* src/backend/Spelling.cpp */,
				7455D42AC40526B85C035B1D /* src/backend/Tms6747.cpp */,
				1BE3C2991CDB066E5524502A /* src/backend/Walker.cpp */,
				CB3A4E5BF4D87E93571BB665 /* src/backend/X86_64Linux.cpp */,
				C237FFDEFA542F70F6678E6C /* src/backend/X86_64Windows.cpp */,
				2CA1A8F31608CE6FEE9B4AF4 /* src/Abi.h */,
				D786B3B871EB8A5B8E4BFF73 /* src/Ast.h */,
				3B9E58F0C5A4065739367603 /* src/Driver.h */,
				E8A3DF770338729B07B00C3D /* src/Lexer.h */,
				940D36638D0B85DDA0810399 /* src/Mangle.h */,
				6CC8FE0DA50981F02C110954 /* src/Name.h */,
				B16F1210DC3C8A068659FF68 /* src/Operator.h */,
				739119A72B5232A63855C86E /* src/Preprocessor.h */,
				629BC4F41AC4891468F18113 /* src/Source.h */,
				F33A3DA7A303095B023E2B97 /* src/Type.h */,
				31798B2878299C19D8644979 /* src/Version.h */,
				112A9344BEC306DD6EBB9052 /* src/backend/Arm64Darwin.h */,
				6EE74B83AE6EBDDAB5E4BE95 /* src/backend/Backend.h */,
				5540D60099D567EFE37ADB47 /* src/backend/Dwarf.h */,
				4902DC75A8BCCB2A870E0DF7 /* src/backend/Masm.h */,
				F16CC295912D0E95792B8D8E /* src/backend/Optimizer.h */,
				BC87335ED287BC46161EB50A /* src/backend/Spelling.h */,
				3912B9333D8A8952A76175C5 /* src/backend/Tms6747.h */,
				DF1986D2D7FD507F838AF268 /* src/backend/Walker.h */,
				EF5C324D77DEC0D5528627DD /* src/backend/X86_64Linux.h */,
				5F942826BA8BD2F3DFD0DCF4 /* src/backend/X86_64Windows.h */,
				3E4E9D6A08918BF02E1ED07D /* src/parser/Parser.h */,
				2D964B7F6577B34313330876 /* src/parser/ParserInternal.h */,
			);
			name = Sources;
			sourceTree = "<group>";
		};
		604A536DCD10FF94279C1BBA /* Products */ = {
			isa = PBXGroup;
			children = (
				2DC24FDB4CCDA14233AB5364 /* cpp11.exe */,
			);
			name = Products;
			sourceTree = "<group>";
		};
/* End PBXGroup section */

/* Begin PBXNativeTarget section */
		FC5035A3144E3FE75BF41BA5 /* cpp11.exe */ = {
			isa = PBXNativeTarget;
			buildConfigurationList = 730C8C3B05DA888E5418D532;
			buildPhases = (
				040D127E7C2A61FDEC278BF5 /* Sources */,
				A47DBE55C9F822054787CB78 /* Frameworks */,
				62D92D9B9D100D8E15557A93 /* put the finished program in RIDE's directory */,
			);
			buildRules = (
			);
			dependencies = (
			);
			name = cpp11.exe;
			productName = cpp11.exe;
			productReference = 2DC24FDB4CCDA14233AB5364 /* cpp11.exe */;
			productType = "com.apple.product-type.tool";
		};
/* End PBXNativeTarget section */

/* Begin PBXProject section */
		9B0909E5A96FD65B60B57522 /* Project object */ = {
			isa = PBXProject;
			attributes = {
				BuildIndependentTargetsInParallel = 1;
				LastUpgradeCheck = 1600;
			};
			buildConfigurationList = E3A1E77910E27E94D30D8517;
			developmentRegion = en;
			hasScannedForEncodings = 0;
			knownRegions = (
				en,
				Base,
			);
			mainGroup = 213E555480905F84D1CEB534;
			productRefGroup = 604A536DCD10FF94279C1BBA /* Products */;
			projectDirPath = "";
			projectRoot = "";
			targets = (
				FC5035A3144E3FE75BF41BA5 /* cpp11.exe */,
			);
		};
/* End PBXProject section */

/* Begin PBXShellScriptBuildPhase section */
		62D92D9B9D100D8E15557A93 /* put the finished program in RIDE's directory */ = {
			isa = PBXShellScriptBuildPhase;
			alwaysOutOfDate = 1;
			buildActionMask = 2147483647;
			files = (
			);
			inputPaths = (
			);
			name = "put the finished program in RIDE's directory";
			outputPaths = (
			);
			runOnlyForDeploymentPostprocessing = 0;
			shellPath = /bin/sh;
			shellScript = "set -e\ndest=\"$SRCROOT/../../RIDE\"\nmkdir -p \"$dest\"\ncp -f \"$BUILT_PRODUCTS_DIR/$PRODUCT_NAME\" \"$dest/.$PRODUCT_NAME.new\"\nmv -f \"$dest/.$PRODUCT_NAME.new\" \"$dest/$PRODUCT_NAME\"\ncodesign --force --sign - \"$dest/$PRODUCT_NAME\"\n";
		};
/* End PBXShellScriptBuildPhase section */

/* Begin PBXSourcesBuildPhase section */
		040D127E7C2A61FDEC278BF5 /* Sources */ = {
			isa = PBXSourcesBuildPhase;
			buildActionMask = 2147483647;
			files = (
				CE887528EA8ABCC94928D08A /* src/Driver.cpp in Sources */,
				1EFD5721739982AF1EFCA6AC /* src/Lexer.cpp in Sources */,
				4A7991760A1205F04FDEC977 /* src/Mangle.cpp in Sources */,
				48DDEECFE0865E5B909524C4 /* src/Operator.cpp in Sources */,
				C9B69B823C572C2F10BBAAE2 /* src/Preprocessor.cpp in Sources */,
				4C43AD6E65A11943017B1068 /* src/Source.cpp in Sources */,
				8ECD60C07C767D6D33E08B5B /* src/Type.cpp in Sources */,
				0EDB730E2C46BA4EDFB00563 /* src/main.cpp in Sources */,
				E5F1347B01E7A7CFB6E55C2E /* src/parser/Parser.cpp in Sources */,
				6BBB031BA1C427F6C7AF1CA7 /* src/parser/ParserClass.cpp in Sources */,
				16646278DB507CC3D6672C09 /* src/parser/ParserConst.cpp in Sources */,
				C6EA66D4BE1277E2304A2514 /* src/parser/ParserExpr.cpp in Sources */,
				BD372D1A2D5AD9BF5B78B003 /* src/parser/ParserExprCall.cpp in Sources */,
				E71B687EA7B8F303F5FE97D9 /* src/parser/ParserExprLambda.cpp in Sources */,
				55B7BF48F23C784624DFBA64 /* src/parser/ParserExprNew.cpp in Sources */,
				3D9F60A5E8D6F12F3054A96A /* src/parser/ParserInit.cpp in Sources */,
				0F5F59A52395B57FE9279542 /* src/parser/ParserOperator.cpp in Sources */,
				295FDF8949472472DC30ABB7 /* src/parser/ParserOverload.cpp in Sources */,
				6CBF301A984B51605B80F9CB /* src/parser/ParserStmt.cpp in Sources */,
				C6571D513B06BD47BE9FB772 /* src/parser/ParserTemplate.cpp in Sources */,
				8B035ADE5A5242756296226B /* src/parser/ParserTopLevel.cpp in Sources */,
				F21AB246E67A64F4E780BDC3 /* src/parser/ParserType.cpp in Sources */,
				A56A0BE9CC062ED20D315B60 /* src/parser/ParserVtable.cpp in Sources */,
				7C046E25331E28BAB1BFC23F /* src/backend/Arm64Darwin.cpp in Sources */,
				FA796AB2F3B057DE38156171 /* src/backend/Backend.cpp in Sources */,
				67CD6CFFA5B8BDBCE8AE9A18 /* src/backend/Dwarf.cpp in Sources */,
				59CED90FD3E42C044336C09A /* src/backend/Masm.cpp in Sources */,
				C2F551B03398E879A46AD4ED /* src/backend/Optimizer.cpp in Sources */,
				A401F764FA7B45035DAB67EB /* src/backend/Spelling.cpp in Sources */,
				1DF35BBBBEAFF601F050E992 /* src/backend/Tms6747.cpp in Sources */,
				C4AA529A8A94500C0A8BD37E /* src/backend/Walker.cpp in Sources */,
				A60A4C41A2833EAEFD7983AE /* src/backend/X86_64Linux.cpp in Sources */,
				F5792A05AD3F1AA1BF104861 /* src/backend/X86_64Windows.cpp in Sources */,
			);
			runOnlyForDeploymentPostprocessing = 0;
		};
/* End PBXSourcesBuildPhase section */

/* Begin XCBuildConfiguration section */
		4F57D800DB2FD77530FB1B60 /* Debug */ = {
			isa = XCBuildConfiguration;
			buildSettings = {
				ALWAYS_SEARCH_USER_PATHS = NO;
				OBJROOT = "$(TMPDIR)/ride-xcode";
				SYMROOT = "$(TMPDIR)/ride-xcode";
				CLANG_CXX_LANGUAGE_STANDARD = "c++14";
				CLANG_ENABLE_OBJC_ARC = YES;
				CLANG_WARN_IMPLICIT_SIGN_CONVERSION = NO;
				CODE_SIGN_STYLE = Automatic;
				GCC_TREAT_WARNINGS_AS_ERRORS = YES;
				GCC_WARN_64_TO_32_BIT_CONVERSION = NO;
				MACOSX_DEPLOYMENT_TARGET = 12.0;
				PRODUCT_NAME = cpp11.exe;
				SDKROOT = macosx;
				USER_HEADER_SEARCH_PATHS = "$(SRCROOT)/src";
				WARNING_CFLAGS = (
					"-Wall",
					"-Wextra",
					"-pedantic",
				);
				GCC_PREPROCESSOR_DEFINITIONS = "CXX1_INCLUDE_DIR=\\\"$(SRCROOT)/lib\\\" CXX1_CXX_INCLUDE_DIR=\\\"$(SRCROOT)/include\\\"";
				DEBUG_INFORMATION_FORMAT = dwarf;
				GCC_OPTIMIZATION_LEVEL = 0;
			};
			name = Debug;
		};
		6CFEFBC3465B19A435EF5BE6 /* Release */ = {
			isa = XCBuildConfiguration;
			buildSettings = {
				ALWAYS_SEARCH_USER_PATHS = NO;
				OBJROOT = "$(TMPDIR)/ride-xcode";
				SYMROOT = "$(TMPDIR)/ride-xcode";
				CLANG_CXX_LANGUAGE_STANDARD = "c++14";
				CLANG_ENABLE_OBJC_ARC = YES;
				CLANG_WARN_IMPLICIT_SIGN_CONVERSION = NO;
				CODE_SIGN_STYLE = Automatic;
				GCC_TREAT_WARNINGS_AS_ERRORS = YES;
				GCC_WARN_64_TO_32_BIT_CONVERSION = NO;
				MACOSX_DEPLOYMENT_TARGET = 12.0;
				PRODUCT_NAME = cpp11.exe;
				SDKROOT = macosx;
				USER_HEADER_SEARCH_PATHS = "$(SRCROOT)/src";
				WARNING_CFLAGS = (
					"-Wall",
					"-Wextra",
					"-pedantic",
				);
				GCC_PREPROCESSOR_DEFINITIONS = "CXX1_INCLUDE_DIR=\\\"$(SRCROOT)/lib\\\" CXX1_CXX_INCLUDE_DIR=\\\"$(SRCROOT)/include\\\"";
				DEBUG_INFORMATION_FORMAT = "dwarf-with-dsym";
				GCC_OPTIMIZATION_LEVEL = 2;
			};
			name = Release;
		};
		D1238967A09A685F7061EC97 /* Debug */ = {
			isa = XCBuildConfiguration;
			buildSettings = {
				ALWAYS_SEARCH_USER_PATHS = NO;
				OBJROOT = "$(TMPDIR)/ride-xcode";
				SYMROOT = "$(TMPDIR)/ride-xcode";
				CLANG_CXX_LANGUAGE_STANDARD = "c++14";
				CLANG_ENABLE_OBJC_ARC = YES;
				CLANG_WARN_IMPLICIT_SIGN_CONVERSION = NO;
				CODE_SIGN_STYLE = Automatic;
				GCC_TREAT_WARNINGS_AS_ERRORS = YES;
				GCC_WARN_64_TO_32_BIT_CONVERSION = NO;
				MACOSX_DEPLOYMENT_TARGET = 12.0;
				PRODUCT_NAME = cpp11.exe;
				SDKROOT = macosx;
				USER_HEADER_SEARCH_PATHS = "$(SRCROOT)/src";
				WARNING_CFLAGS = (
					"-Wall",
					"-Wextra",
					"-pedantic",
				);
				GCC_PREPROCESSOR_DEFINITIONS = "CXX1_INCLUDE_DIR=\\\"$(SRCROOT)/lib\\\" CXX1_CXX_INCLUDE_DIR=\\\"$(SRCROOT)/include\\\"";
				DEBUG_INFORMATION_FORMAT = dwarf;
				GCC_OPTIMIZATION_LEVEL = 0;
			};
			name = Debug;
		};
		FC63D916D9285454812735A6 /* Release */ = {
			isa = XCBuildConfiguration;
			buildSettings = {
				ALWAYS_SEARCH_USER_PATHS = NO;
				OBJROOT = "$(TMPDIR)/ride-xcode";
				SYMROOT = "$(TMPDIR)/ride-xcode";
				CLANG_CXX_LANGUAGE_STANDARD = "c++14";
				CLANG_ENABLE_OBJC_ARC = YES;
				CLANG_WARN_IMPLICIT_SIGN_CONVERSION = NO;
				CODE_SIGN_STYLE = Automatic;
				GCC_TREAT_WARNINGS_AS_ERRORS = YES;
				GCC_WARN_64_TO_32_BIT_CONVERSION = NO;
				MACOSX_DEPLOYMENT_TARGET = 12.0;
				PRODUCT_NAME = cpp11.exe;
				SDKROOT = macosx;
				USER_HEADER_SEARCH_PATHS = "$(SRCROOT)/src";
				WARNING_CFLAGS = (
					"-Wall",
					"-Wextra",
					"-pedantic",
				);
				GCC_PREPROCESSOR_DEFINITIONS = "CXX1_INCLUDE_DIR=\\\"$(SRCROOT)/lib\\\" CXX1_CXX_INCLUDE_DIR=\\\"$(SRCROOT)/include\\\"";
				DEBUG_INFORMATION_FORMAT = "dwarf-with-dsym";
				GCC_OPTIMIZATION_LEVEL = 2;
			};
			name = Release;
		};
/* End XCBuildConfiguration section */

/* Begin XCConfigurationList section */
		E3A1E77910E27E94D30D8517 /* project */ = {
			isa = XCConfigurationList;
			buildConfigurations = (
				4F57D800DB2FD77530FB1B60 /* Debug */,
				6CFEFBC3465B19A435EF5BE6 /* Release */,
			);
			defaultConfigurationIsVisible = 0;
			defaultConfigurationName = Debug;
		};
		730C8C3B05DA888E5418D532 /* target */ = {
			isa = XCConfigurationList;
			buildConfigurations = (
				D1238967A09A685F7061EC97 /* Debug */,
				FC63D916D9285454812735A6 /* Release */,
			);
			defaultConfigurationIsVisible = 0;
			defaultConfigurationName = Debug;
		};
/* End XCConfigurationList section */
	};
	rootObject = 9B0909E5A96FD65B60B57522 /* Project object */;
}
